// !$*UTF8*$!
{
	archiveVersion = 1;
	classes = {
	};
	objectVersion = 52;
	objects = {

/* Begin PBXBuildFile section */
		AF0AB673270FED7E0016D530 /* PhotoService.swift in Sources */ = {isa = PBXBuildFile; fileRef = AF0AB672270FED7E0016D530 /* PhotoService.swift */; };
		AF0AB675270FEEDA0016D530 /* DBData.swift in Sources */ = {isa = PBXBuildFile; fileRef = AF0AB674270FEEDA0016D530 /* DBData.swift */; };
		AF2847B3270DD0B7003C0B16 /* AlbumViewCell.swift in Sources */ = {isa = PBXBuildFile; fileRef = AF2847B2270DD0B7003C0B16 /* AlbumViewCell.swift */; };
		AF2847B8270DE331003C0B16 /* SwiftyJSON in Frameworks */ = {isa = PBXBuildFile; productRef = AF2847B7270DE331003C0B16 /* SwiftyJSON */; };
		AF69CBAF270E9B3200F92788 /* ImageViewCell.swift in Sources */ = {isa = PBXBuildFile; fileRef = AF69CBAE270E9B3200F92788 /* ImageViewCell.swift */; };
		AF69CBB1270E9F5C00F92788 /* DateTimeReusableView.swift in Sources */ = {isa = PBXBuildFile; fileRef = AF69CBB0270E9F5C00F92788 /* DateTimeReusableView.swift */; };
		AF69CBB3270EC82B00F92788 /* ic_launcher.png in Resources */ = {isa = PBXBuildFile; fileRef = AF69CBB2270EC82A00F92788 /* ic_launcher.png */; };
		AF69CBB5270EDBDA00F92788 /* TrackingListTableViewCell.swift in Sources */ = {isa = PBXBuildFile; fileRef = AF69CBB4270EDBDA00F92788 /* TrackingListTableViewCell.swift */; };
		AF69CBB7270EDC5A00F92788 /* TrackingListViewController.swift in Sources */ = {isa = PBXBuildFile; fileRef = AF69CBB6270EDC5A00F92788 /* TrackingListViewController.swift */; };
		AFE0F833270D4D1B001B1C5C /* SwiftCoroutine in Frameworks */ = {isa = PBXBuildFile; productRef = AFE0F832270D4D1B001B1C5C /* SwiftCoroutine */; };
		AFE0F836270D4D6C001B1C5C /* Alamofire in Frameworks */ = {isa = PBXBuildFile; productRef = AFE0F835270D4D6C001B1C5C /* Alamofire */; };
		AFE0F839270D4E82001B1C5C /* FirebaseAuth in Frameworks */ = {isa = PBXBuildFile; productRef = AFE0F838270D4E82001B1C5C /* FirebaseAuth */; };
		AFEB1C5427107C68008D26B4 /* PhotoViewController.swift in Sources */ = {isa = PBXBuildFile; fileRef = AFEB1C5327107C68008D26B4 /* PhotoViewController.swift */; };
		AFEB1C5727107E1E008D26B4 /* ImageScrollView in Frameworks */ = {isa = PBXBuildFile; productRef = AFEB1C5627107E1E008D26B4 /* ImageScrollView */; };
		D0FF61CF5341C9D25B7573F2 /* Assets.xcassets in Resources */ = {isa = PBXBuildFile; fileRef = D0FF61419E9C5EF57382F5D6 /* Assets.xcassets */; };
		D0FF627DEBFEA67969ED8701 /* LaunchScreen.storyboard in Resources */ = {isa = PBXBuildFile; fileRef = D0FF6C5CE4381A4CCBD373A7 /* LaunchScreen.storyboard */; };
		D0FF63CBC07EB3F052A9E4A4 /* AppDelegate.swift in Sources */ = {isa = PBXBuildFile; fileRef = D0FF6BFD31505FB70742BFC8 /* AppDelegate.swift */; };
		D0FF640DD756F4C93623DE84 /* MainMapViewConroller.swift in Sources */ = {isa = PBXBuildFile; fileRef = D0FF63C8F400A32D5B72426F /* MainMapViewConroller.swift */; };
		D0FF64499A57687E47358BC4 /* SceneDelegate.swift in Sources */ = {isa = PBXBuildFile; fileRef = D0FF61A112E355F64E89E77F /* SceneDelegate.swift */; };
		D0FF6473FD17CE1B7F752BE0 /* MainViewController.swift in Sources */ = {isa = PBXBuildFile; fileRef = D0FF6BF4D1C47202CEBB372E /* MainViewController.swift */; };
		D0FF650BD16765F8400F1758 /* DailyPhotoListViewController.swift in Sources */ = {isa = PBXBuildFile; fileRef = D0FF6B62093C2C424D3E9A56 /* DailyPhotoListViewController.swift */; };
		D0FF665E5DDB3E4401B8B8FB /* LaunchScreen.storyboard in Resources */ = {isa = PBXBuildFile; fileRef = D0FF64379230BF1CBD13206C /* LaunchScreen.storyboard */; };
		D0FF6899DDB26A19C78A3A0F /* TrackingMenuViewController.swift in Sources */ = {isa = PBXBuildFile; fileRef = D0FF6418EBF277AB76A5EED8 /* TrackingMenuViewController.swift */; };
		D0FF6A32958F37A6ACC8C952 /* Main.storyboard in Resources */ = {isa = PBXBuildFile; fileRef = D0FF6D7FE5EBD90CA9AB1F9E /* Main.storyboard */; };
		D0FF6A98C94D43C6D6D06641 /* TravelMap.entitlements in Resources */ = {isa = PBXBuildFile; fileRef = D0FF6B0F201448343CD6C01A /* TravelMap.entitlements */; };
		D0FF6ADF47670834DD00F732 /* Main.storyboard in Resources */ = {isa = PBXBuildFile; fileRef = D0FF6F09A62AC67B7B81C94E /* Main.storyboard */; };
		D0FF6B9EEE417AEFA36F1C0B /* BMJUA_otf.otf in Resources */ = {isa = PBXBuildFile; fileRef = D0FF6B5143E80CC347115857 /* BMJUA_otf.otf */; };
		D0FF6D893C9FC7468D976755 /* AlbumViewController.swift in Sources */ = {isa = PBXBuildFile; fileRef = D0FF6340C551E55CBDE543D3 /* AlbumViewController.swift */; };
		D0FF6F12FF4809D6F21C5EA2 /* ViewController.swift in Sources */ = {isa = PBXBuildFile; fileRef = D0FF6B3D32D3DAC8AEC1657C /* ViewController.swift */; };
/* End PBXBuildFile section */

/* Begin PBXFileReference section */
		AF0AB672270FED7E0016D530 /* PhotoService.swift */ = {isa = PBXFileReference; lastKnownFileType = sourcecode.swift; path = PhotoService.swift; sourceTree = "<group>"; };
		AF0AB674270FEEDA0016D530 /* DBData.swift */ = {isa = PBXFileReference; lastKnownFileType = sourcecode.swift; path = DBData.swift; sourceTree = "<group>"; };
		AF2847B2270DD0B7003C0B16 /* AlbumViewCell.swift */ = {isa = PBXFileReference; lastKnownFileType = sourcecode.swift; path = AlbumViewCell.swift; sourceTree = "<group>"; };
		AF69CBAE270E9B3200F92788 /* ImageViewCell.swift */ = {isa = PBXFileReference; lastKnownFileType = sourcecode.swift; path = ImageViewCell.swift; sourceTree = "<group>"; };
		AF69CBB0270E9F5C00F92788 /* DateTimeReusableView.swift */ = {isa = PBXFileReference; lastKnownFileType = sourcecode.swift; path = DateTimeReusableView.swift; sourceTree = "<group>"; };
		AF69CBB2270EC82A00F92788 /* ic_launcher.png */ = {isa = PBXFileReference; lastKnownFileType = image.png; path = ic_launcher.png; sourceTree = "<group>"; };
		AF69CBB4270EDBDA00F92788 /* TrackingListTableViewCell.swift */ = {isa = PBXFileReference; lastKnownFileType = sourcecode.swift; path = TrackingListTableViewCell.swift; sourceTree = "<group>"; };
		AF69CBB6270EDC5A00F92788 /* TrackingListViewController.swift */ = {isa = PBXFileReference; lastKnownFileType = sourcecode.swift; path = TrackingListViewController.swift; sourceTree = "<group>"; };
		AFEB1C5327107C68008D26B4 /* PhotoViewController.swift */ = {isa = PBXFileReference; lastKnownFileType = sourcecode.swift; path = PhotoViewController.swift; sourceTree = "<group>"; };
		D0FF61419E9C5EF57382F5D6 /* Assets.xcassets */ = {isa = PBXFileReference; lastKnownFileType = folder.assetcatalog; path = Assets.xcassets; sourceTree = "<group>"; };
		D0FF618743DBE3E4B7BB7E43 /* Base */ = {isa = PBXFileReference; lastKnownFileType = file.storyboard; name = Base; path = Main.storyboard; sourceTree = "<group>"; };
		D0FF6192A55330F037324B25 /* Base */ = {isa = PBXFileReference; lastKnownFileType = file.storyboard; name = Base; path = Base.lproj/Main.storyboard; sourceTree = "<group>"; };
		D0FF61A112E355F64E89E77F /* SceneDelegate.swift */ = {isa = PBXFileReference; lastKnownFileType = sourcecode.swift; path = SceneDelegate.swift; sourceTree = "<group>"; };
		D0FF6340C551E55CBDE543D3 /* AlbumViewController.swift */ = {isa = PBXFileReference; fileEncoding = 4; lastKnownFileType = sourcecode.swift; path = AlbumViewController.swift; sourceTree = "<group>"; };
		D0FF63B6ECBAE4D180CB72A0 /* TravelMap.app */ = {isa = PBXFileReference; explicitFileType = wrapper.application; includeInIndex = 0; path = TravelMap.app; sourceTree = BUILT_PRODUCTS_DIR; };
		D0FF63C8F400A32D5B72426F /* MainMapViewConroller.swift */ = {isa = PBXFileReference; fileEncoding = 4; lastKnownFileType = sourcecode.swift; path = MainMapViewConroller.swift; sourceTree = "<group>"; };
		D0FF6418EBF277AB76A5EED8 /* TrackingMenuViewController.swift */ = {isa = PBXFileReference; fileEncoding = 4; lastKnownFileType = sourcecode.swift; path = TrackingMenuViewController.swift; sourceTree = "<group>"; };
		D0FF6AA893835BAA913A558A /* Base */ = {isa = PBXFileReference; lastKnownFileType = file.storyboard; name = Base; path = Base.lproj/LaunchScreen.storyboard; sourceTree = "<group>"; };
		D0FF6B0F201448343CD6C01A /* TravelMap.entitlements */ = {isa = PBXFileReference; fileEncoding = 4; lastKnownFileType = text.plist.entitlements; path = TravelMap.entitlements; sourceTree = "<group>"; };
		D0FF6B3D32D3DAC8AEC1657C /* ViewController.swift */ = {isa = PBXFileReference; lastKnownFileType = sourcecode.swift; path = ViewController.swift; sourceTree = "<group>"; };
		D0FF6B5143E80CC347115857 /* BMJUA_otf.otf */ = {isa = PBXFileReference; lastKnownFileType = file.otf; path = BMJUA_otf.otf; sourceTree = "<group>"; };
		D0FF6B62093C2C424D3E9A56 /* DailyPhotoListViewController.swift */ = {isa = PBXFileReference; fileEncoding = 4; lastKnownFileType = sourcecode.swift; path = DailyPhotoListViewController.swift; sourceTree = "<group>"; };
		D0FF6BF4D1C47202CEBB372E /* MainViewController.swift */ = {isa = PBXFileReference; fileEncoding = 4; lastKnownFileType = sourcecode.swift; path = MainViewController.swift; sourceTree = "<group>"; };
		D0FF6BFD31505FB70742BFC8 /* AppDelegate.swift */ = {isa = PBXFileReference; lastKnownFileType = sourcecode.swift; path = AppDelegate.swift; sourceTree = "<group>"; };
		D0FF6DA4FF5CDF5F6FD9B46D /* Base */ = {isa = PBXFileReference; lastKnownFileType = file.storyboard; name = Base; path = LaunchScreen.storyboard; sourceTree = "<group>"; };
		D0FF6E04A90A8DCAECCA74AF /* Info.plist */ = {isa = PBXFileReference; lastKnownFileType = text.plist.info; path = Info.plist; sourceTree = "<group>"; };
/* End PBXFileReference section */

/* Begin PBXFrameworksBuildPhase section */
		D0FF64FD7889089663FD36BE /* Frameworks */ = {
			isa = PBXFrameworksBuildPhase;
			buildActionMask = 2147483647;
			files = (
				AFE0F833270D4D1B001B1C5C /* SwiftCoroutine in Frameworks */,
				AFE0F839270D4E82001B1C5C /* FirebaseAuth in Frameworks */,
				AF2847B8270DE331003C0B16 /* SwiftyJSON in Frameworks */,
				AFE0F836270D4D6C001B1C5C /* Alamofire in Frameworks */,
				AFEB1C5727107E1E008D26B4 /* ImageScrollView in Frameworks */,
			);
			runOnlyForDeploymentPostprocessing = 0;
		};
/* End PBXFrameworksBuildPhase section */

/* Begin PBXGroup section */
		D0FF66134C63B78EF0FEB6A1 /* TravelMap */ = {
			isa = PBXGroup;
			children = (
				AF69CBB2270EC82A00F92788 /* ic_launcher.png */,
				D0FF61419E9C5EF57382F5D6 /* Assets.xcassets */,
				D0FF6BFD31505FB70742BFC8 /* AppDelegate.swift */,
				D0FF64379230BF1CBD13206C /* LaunchScreen.storyboard */,
				D0FF6E04A90A8DCAECCA74AF /* Info.plist */,
				D0FF61A112E355F64E89E77F /* SceneDelegate.swift */,
				D0FF6B3D32D3DAC8AEC1657C /* ViewController.swift */,
				D0FF6D7FE5EBD90CA9AB1F9E /* Main.storyboard */,
				D0FF6340C551E55CBDE543D3 /* AlbumViewController.swift */,
				D0FF697CAF616812B00592D6 /* Base.lproj */,
				D0FF6B62093C2C424D3E9A56 /* DailyPhotoListViewController.swift */,
				D0FF63C8F400A32D5B72426F /* MainMapViewConroller.swift */,
				D0FF6BF4D1C47202CEBB372E /* MainViewController.swift */,
				D0FF6418EBF277AB76A5EED8 /* TrackingMenuViewController.swift */,
				D0FF6B0F201448343CD6C01A /* TravelMap.entitlements */,
				AF2847B2270DD0B7003C0B16 /* AlbumViewCell.swift */,
				D0FF6B5143E80CC347115857 /* BMJUA_otf.otf */,
				AF69CBAE270E9B3200F92788 /* ImageViewCell.swift */,
				AF69CBB0270E9F5C00F92788 /* DateTimeReusableView.swift */,
				AF69CBB4270EDBDA00F92788 /* TrackingListTableViewCell.swift */,
				AF69CBB6270EDC5A00F92788 /* TrackingListViewController.swift */,
				AF0AB672270FED7E0016D530 /* PhotoService.swift */,
				AF0AB674270FEEDA0016D530 /* DBData.swift */,
				AFEB1C5327107C68008D26B4 /* PhotoViewController.swift */,
			);
			path = TravelMap;
			sourceTree = "<group>";
		};
		D0FF66EB06F69D7038A758B8 /* Products */ = {
			isa = PBXGroup;
			children = (
				D0FF63B6ECBAE4D180CB72A0 /* TravelMap.app */,
			);
			name = Products;
			sourceTree = "<group>";
		};
		D0FF697CAF616812B00592D6 /* Base.lproj */ = {
			isa = PBXGroup;
			children = (
				D0FF6F09A62AC67B7B81C94E /* Main.storyboard */,
				D0FF6C5CE4381A4CCBD373A7 /* LaunchScreen.storyboard */,
			);
			path = Base.lproj;
			sourceTree = "<group>";
		};
		D0FF6F5D0BD6A98DC6CBC1CF = {
			isa = PBXGroup;
			children = (
				D0FF66EB06F69D7038A758B8 /* Products */,
				D0FF66134C63B78EF0FEB6A1 /* TravelMap */,
			);
			sourceTree = "<group>";
		};
/* End PBXGroup section */

/* Begin PBXNativeTarget section */
		D0FF6F226CC696961C92AA57 /* TravelMap */ = {
			isa = PBXNativeTarget;
			buildConfigurationList = D0FF6B5D120D0C21D3CEA888 /* Build configuration list for PBXNativeTarget "TravelMap" */;
			buildPhases = (
				D0FF6B1D1127AD4755F98713 /* Sources */,
				D0FF64FD7889089663FD36BE /* Frameworks */,
				D0FF6166AA3CC129489CDBC5 /* Resources */,
			);
			buildRules = (
			);
			dependencies = (
			);
			name = TravelMap;
			packageProductDependencies = (
				AFE0F832270D4D1B001B1C5C /* SwiftCoroutine */,
				AFE0F835270D4D6C001B1C5C /* Alamofire */,
				AFE0F838270D4E82001B1C5C /* FirebaseAuth */,
				AF2847B7270DE331003C0B16 /* SwiftyJSON */,
				AFEB1C5627107E1E008D26B4 /* ImageScrollView */,
			);
			productName = TravelMap;
			productReference = D0FF63B6ECBAE4D180CB72A0 /* TravelMap.app */;
			productType = "com.apple.product-type.application";
		};
/* End PBXNativeTarget section */

/* Begin PBXProject section */
		D0FF694026F30F072DA4141A /* Project object */ = {
			isa = PBXProject;
			attributes = {
				LastUpgradeCheck = 1300;
			};
			buildConfigurationList = D0FF64AE966FB16B4F871992 /* Build configuration list for PBXProject "TravelMap" */;
			compatibilityVersion = "Xcode 3.2";
			developmentRegion = en;
			hasScannedForEncodings = 0;
			knownRegions = (
				en,
				Base,
			);
			mainGroup = D0FF6F5D0BD6A98DC6CBC1CF;
			packageReferences = (
				AFE0F831270D4D1B001B1C5C /* XCRemoteSwiftPackageReference "SwiftCoroutine" */,
				AFE0F834270D4D6C001B1C5C /* XCRemoteSwiftPackageReference "Alamofire" */,
				AFE0F837270D4E82001B1C5C /* XCRemoteSwiftPackageReference "firebase-ios-sdk" */,
				AF2847B6270DE331003C0B16 /* XCRemoteSwiftPackageReference "SwiftyJSON" */,
				AFEB1C5527107E1E008D26B4 /* XCRemoteSwiftPackageReference "ImageScrollView" */,
			);
			productRefGroup = D0FF66EB06F69D7038A758B8 /* Products */;
			projectDirPath = "";
			projectRoot = "";
			targets = (
				D0FF6F226CC696961C92AA57 /* TravelMap */,
			);
		};
/* End PBXProject section */

/* Begin PBXResourcesBuildPhase section */
		D0FF6166AA3CC129489CDBC5 /* Resources */ = {
			isa = PBXResourcesBuildPhase;
			buildActionMask = 2147483647;
			files = (
				D0FF61CF5341C9D25B7573F2 /* Assets.xcassets in Resources */,
				D0FF665E5DDB3E4401B8B8FB /* LaunchScreen.storyboard in Resources */,
				D0FF6A32958F37A6ACC8C952 /* Main.storyboard in Resources */,
				D0FF6ADF47670834DD00F732 /* Main.storyboard in Resources */,
				D0FF627DEBFEA67969ED8701 /* LaunchScreen.storyboard in Resources */,
				D0FF6A98C94D43C6D6D06641 /* TravelMap.entitlements in Resources */,
				D0FF6B9EEE417AEFA36F1C0B /* BMJUA_otf.otf in Resources */,
				AF69CBB3270EC82B00F92788 /* ic_launcher.png in Resources */,
			);
			runOnlyForDeploymentPostprocessing = 0;
		};
/* End PBXResourcesBuildPhase section */

/* Begin PBXSourcesBuildPhase section */
		D0FF6B1D1127AD4755F98713 /* Sources */ = {
			isa = PBXSourcesBuildPhase;
			buildActionMask = 2147483647;
			files = (
				D0FF63CBC07EB3F052A9E4A4 /* AppDelegate.swift in Sources */,
				D0FF64499A57687E47358BC4 /* SceneDelegate.swift in Sources */,
				D0FF6F12FF4809D6F21C5EA2 /* ViewController.swift in Sources */,
				AF69CBAF270E9B3200F92788 /* ImageViewCell.swift in Sources */,
				AF69CBB5270EDBDA00F92788 /* TrackingListTableViewCell.swift in Sources */,
				AF0AB675270FEEDA0016D530 /* DBData.swift in Sources */,
				D0FF6D893C9FC7468D976755 /* AlbumViewController.swift in Sources */,
				AF0AB673270FED7E0016D530 /* PhotoService.swift in Sources */,
				D0FF650BD16765F8400F1758 /* DailyPhotoListViewController.swift in Sources */,
				D0FF640DD756F4C93623DE84 /* MainMapViewConroller.swift in Sources */,
				AF69CBB1270E9F5C00F92788 /* DateTimeReusableView.swift in Sources */,
				D0FF6473FD17CE1B7F752BE0 /* MainViewController.swift in Sources */,
				AF69CBB7270EDC5A00F92788 /* TrackingListViewController.swift in Sources */,
				AFEB1C5427107C68008D26B4 /* PhotoViewController.swift in Sources */,
				D0FF6899DDB26A19C78A3A0F /* TrackingMenuViewController.swift in Sources */,
				AF2847B3270DD0B7003C0B16 /* AlbumViewCell.swift in Sources */,
			);
			runOnlyForDeploymentPostprocessing = 0;
		};
/* End PBXSourcesBuildPhase section */

/* Begin PBXVariantGroup section */
		D0FF64379230BF1CBD13206C /* LaunchScreen.storyboard */ = {
			isa = PBXVariantGroup;
			children = (
				D0FF6AA893835BAA913A558A /* Base */,
			);
			name = LaunchScreen.storyboard;
			sourceTree = "<group>";
		};
		D0FF6C5CE4381A4CCBD373A7 /* LaunchScreen.storyboard */ = {
			isa = PBXVariantGroup;
			children = (
				D0FF6DA4FF5CDF5F6FD9B46D /* Base */,
			);
			name = LaunchScreen.storyboard;
			sourceTree = "<group>";
		};
		D0FF6D7FE5EBD90CA9AB1F9E /* Main.storyboard */ = {
			isa = PBXVariantGroup;
			children = (
				D0FF6192A55330F037324B25 /* Base */,
			);
			name = Main.storyboard;
			sourceTree = "<group>";
		};
		D0FF6F09A62AC67B7B81C94E /* Main.storyboard */ = {
			isa = PBXVariantGroup;
			children = (
				D0FF618743DBE3E4B7BB7E43 /* Base */,
			);
			name = Main.storyboard;
			sourceTree = "<group>";
		};
/* End PBXVariantGroup section */

/* Begin XCBuildConfiguration section */
		D0FF64F43F12BD0168E06DE2 /* Debug */ = {
			isa = XCBuildConfiguration;
			buildSettings = {
				ASSETCATALOG_COMPILER_APPICON_NAME = AppIcon;
				ASSETCATALOG_COMPILER_GLOBAL_ACCENT_COLOR_NAME = AccentColor;
				CODE_SIGN_IDENTITY = "Apple Development";
				CODE_SIGN_STYLE = Automatic;
				CURRENT_PROJECT_VERSION = 1;
				DEVELOPMENT_TEAM = Q3X65N3243;
				GENERATE_INFOPLIST_FILE = YES;
				INFOPLIST_FILE = TravelMap/Info.plist;
				INFOPLIST_KEY_NSPhotoLibraryUsageDescription = "사진쓰";
				INFOPLIST_KEY_UIApplicationSupportsIndirectInputEvents = YES;
				INFOPLIST_KEY_UILaunchStoryboardName = LaunchScreen;
				INFOPLIST_KEY_UIMainStoryboardFile = Main;
				INFOPLIST_KEY_UIRequiredDeviceCapabilities = armv7;
				INFOPLIST_KEY_UIStatusBarHidden = NO;
				INFOPLIST_KEY_UISupportedInterfaceOrientations = UIInterfaceOrientationPortrait;
				INFOPLIST_KEY_UISupportedInterfaceOrientations_iPad = "UIInterfaceOrientationPortrait UIInterfaceOrientationPortraitUpsideDown UIInterfaceOrientationLandscapeLeft UIInterfaceOrientationLandscapeRight";
				INFOPLIST_KEY_UISupportedInterfaceOrientations_iPhone = "UIInterfaceOrientationPortrait UIInterfaceOrientationLandscapeLeft UIInterfaceOrientationLandscapeRight";
				IPHONEOS_DEPLOYMENT_TARGET = 12.3;
				LD_RUNPATH_SEARCH_PATHS = (
					"$(inherited)",
					"@executable_path/Frameworks",
				);
				MARKETING_VERSION = 1.0;
				PRODUCT_BUNDLE_IDENTIFIER = kim.hanbin.TravelMapTemp2634;
				PRODUCT_NAME = "$(TARGET_NAME)";
				PROVISIONING_PROFILE_SPECIFIER = "";
				SWIFT_EMIT_LOC_STRINGS = YES;
				SWIFT_VERSION = 5.0;
				TARGETED_DEVICE_FAMILY = 1;
			};
			name = Debug;
		};
		D0FF65782EEAFA42B172D08C /* Debug */ = {
			isa = XCBuildConfiguration;
			buildSettings = {
				ALWAYS_SEARCH_USER_PATHS = NO;
				CLANG_ANALYZER_LOCALIZABILITY_NONLOCALIZED = YES;
				CLANG_ANALYZER_NONNULL = YES;
				CLANG_ANALYZER_NUMBER_OBJECT_CONVERSION = YES_AGGRESSIVE;
				CLANG_CXX_LANGUAGE_STANDARD = "gnu++17";
				CLANG_CXX_LIBRARY = "libc++";
				CLANG_ENABLE_MODULES = YES;
				CLANG_ENABLE_OBJC_ARC = YES;
				CLANG_ENABLE_OBJC_WEAK = YES;
				CLANG_WARN_BLOCK_CAPTURE_AUTORELEASING = YES;
				CLANG_WARN_BOOL_CONVERSION = YES;
				CLANG_WARN_COMMA = YES;
				CLANG_WARN_CONSTANT_CONVERSION = YES;
				CLANG_WARN_DEPRECATED_OBJC_IMPLEMENTATIONS = YES;
				CLANG_WARN_DIRECT_OBJC_ISA_USAGE = YES_ERROR;
				CLANG_WARN_DOCUMENTATION_COMMENTS = YES;
				CLANG_WARN_EMPTY_BODY = YES;
				CLANG_WARN_ENUM_CONVERSION = YES;
				CLANG_WARN_INFINITE_RECURSION = YES;
				CLANG_WARN_INT_CONVERSION = YES;
				CLANG_WARN_NON_LITERAL_NULL_CONVERSION = YES;
				CLANG_WARN_OBJC_IMPLICIT_RETAIN_SELF = YES;
				CLANG_WARN_OBJC_LITERAL_CONVERSION = YES;
				CLANG_WARN_OBJC_ROOT_CLASS = YES_ERROR;
				CLANG_WARN_QUOTED_INCLUDE_IN_FRAMEWORK_HEADER = YES;
				CLANG_WARN_RANGE_LOOP_ANALYSIS = YES;
				CLANG_WARN_STRICT_PROTOTYPES = YES;
				CLANG_WARN_SUSPICIOUS_MOVE = YES;
				CLANG_WARN_UNGUARDED_AVAILABILITY = YES_AGGRESSIVE;
				CLANG_WARN_UNREACHABLE_CODE = YES;
				CLANG_WARN__DUPLICATE_METHOD_MATCH = YES;
				COPY_PHASE_STRIP = NO;
				DEBUG_INFORMATION_FORMAT = dwarf;
				ENABLE_STRICT_OBJC_MSGSEND = YES;
				ENABLE_TESTABILITY = YES;
				GCC_C_LANGUAGE_STANDARD = gnu11;
				GCC_DYNAMIC_NO_PIC = NO;
				GCC_NO_COMMON_BLOCKS = YES;
				GCC_OPTIMIZATION_LEVEL = 0;
				GCC_PREPROCESSOR_DEFINITIONS = (
					"DEBUG=1",
					"$(inherited)",
				);
				GCC_WARN_64_TO_32_BIT_CONVERSION = YES;
				GCC_WARN_ABOUT_RETURN_TYPE = YES_ERROR;
				GCC_WARN_UNDECLARED_SELECTOR = YES;
				GCC_WARN_UNINITIALIZED_AUTOS = YES_AGGRESSIVE;
				GCC_WARN_UNUSED_FUNCTION = YES;
				GCC_WARN_UNUSED_VARIABLE = YES;
				IPHONEOS_DEPLOYMENT_TARGET = 15.0;
				MTL_ENABLE_DEBUG_INFO = INCLUDE_SOURCE;
				MTL_FAST_MATH = YES;
				ONLY_ACTIVE_ARCH = YES;
				SDKROOT = iphoneos;
				SWIFT_ACTIVE_COMPILATION_CONDITIONS = DEBUG;
				SWIFT_OPTIMIZATION_LEVEL = "-Onone";
			};
			name = Debug;
		};
		D0FF66F04A933485C21ACE97 /* Release */ = {
			isa = XCBuildConfiguration;
			buildSettings = {
				ALWAYS_SEARCH_USER_PATHS = NO;
				CLANG_ANALYZER_LOCALIZABILITY_NONLOCALIZED = YES;
				CLANG_ANALYZER_NONNULL = YES;
				CLANG_ANALYZER_NUMBER_OBJECT_CONVERSION = YES_AGGRESSIVE;
				CLANG_CXX_LANGUAGE_STANDARD = "gnu++17";
				CLANG_CXX_LIBRARY = "libc++";
				CLANG_ENABLE_MODULES = YES;
				CLANG_ENABLE_OBJC_ARC = YES;
				CLANG_ENABLE_OBJC_WEAK = YES;
				CLANG_WARN_BLOCK_CAPTURE_AUTORELEASING = YES;
				CLANG_WARN_BOOL_CONVERSION = YES;
				CLANG_WARN_COMMA = YES;
				CLANG_WARN_CONSTANT_CONVERSION = YES;
				CLANG_WARN_DEPRECATED_OBJC_IMPLEMENTATIONS = YES;
				CLANG_WARN_DIRECT_OBJC_ISA_USAGE = YES_ERROR;
				CLANG_WARN_DOCUMENTATION_COMMENTS = YES;
				CLANG_WARN_EMPTY_BODY = YES;
				CLANG_WARN_ENUM_CONVERSION = YES;
				CLANG_WARN_INFINITE_RECURSION = YES;
				CLANG_WARN_INT_CONVERSION = YES;
				CLANG_WARN_NON_LITERAL_NULL_CONVERSION = YES;
				CLANG_WARN_OBJC_IMPLICIT_RETAIN_SELF = YES;
				CLANG_WARN_OBJC_LITERAL_CONVERSION = YES;
				CLANG_WARN_OBJC_ROOT_CLASS = YES_ERROR;
				CLANG_WARN_QUOTED_INCLUDE_IN_FRAMEWORK_HEADER = YES;
				CLANG_WARN_RANGE_LOOP_ANALYSIS = YES;
				CLANG_WARN_STRICT_PROTOTYPES = YES;
				CLANG_WARN_SUSPICIOUS_MOVE = YES;
				CLANG_WARN_UNGUARDED_AVAILABILITY = YES_AGGRESSIVE;
				CLANG_WARN_UNREACHABLE_CODE = YES;
				CLANG_WARN__DUPLICATE_METHOD_MATCH = YES;
				COPY_PHASE_STRIP = NO;
				DEBUG_INFORMATION_FORMAT = "dwarf-with-dsym";
				ENABLE_NS_ASSERTIONS = NO;
				ENABLE_STRICT_OBJC_MSGSEND = YES;
				GCC_C_LANGUAGE_STANDARD = gnu11;
				GCC_NO_COMMON_BLOCKS = YES;
				GCC_WARN_64_TO_32_BIT_CONVERSION = YES;
				GCC_WARN_ABOUT_RETURN_TYPE = YES_ERROR;
				GCC_WARN_UNDECLARED_SELECTOR = YES;
				GCC_WARN_UNINITIALIZED_AUTOS = YES_AGGRESSIVE;
				GCC_WARN_UNUSED_FUNCTION = YES;
				GCC_WARN_UNUSED_VARIABLE = YES;
				IPHONEOS_DEPLOYMENT_TARGET = 15.0;
				MTL_ENABLE_DEBUG_INFO = NO;
				MTL_FAST_MATH = YES;
				SDKROOT = iphoneos;
				SWIFT_COMPILATION_MODE = wholemodule;
				SWIFT_OPTIMIZATION_LEVEL = "-O";
				VALIDATE_PRODUCT = YES;
			};
			name = Release;
		};
		D0FF6BD8CDE9293C0DFA3411 /* Release */ = {
			isa = XCBuildConfiguration;
			buildSettings = {
				ASSETCATALOG_COMPILER_APPICON_NAME = AppIcon;
				ASSETCATALOG_COMPILER_GLOBAL_ACCENT_COLOR_NAME = AccentColor;
				CODE_SIGN_IDENTITY = "Apple Development";
				CODE_SIGN_STYLE = Automatic;
				CURRENT_PROJECT_VERSION = 1;
				DEVELOPMENT_TEAM = Q3X65N3243;
				GENERATE_INFOPLIST_FILE = YES;
				INFOPLIST_FILE = TravelMap/Info.plist;
				INFOPLIST_KEY_NSPhotoLibraryUsageDescription = "사진쓰";
				INFOPLIST_KEY_UIApplicationSupportsIndirectInputEvents = YES;
				INFOPLIST_KEY_UILaunchStoryboardName = LaunchScreen;
				INFOPLIST_KEY_UIMainStoryboardFile = Main;
				INFOPLIST_KEY_UIRequiredDeviceCapabilities = armv7;
				INFOPLIST_KEY_UIStatusBarHidden = NO;
				INFOPLIST_KEY_UISupportedInterfaceOrientations = UIInterfaceOrientationPortrait;
				INFOPLIST_KEY_UISupportedInterfaceOrientations_iPad = "UIInterfaceOrientationPortrait UIInterfaceOrientationPortraitUpsideDown UIInterfaceOrientationLandscapeLeft UIInterfaceOrientationLandscapeRight";
				INFOPLIST_KEY_UISupportedInterfaceOrientations_iPhone = "UIInterfaceOrientationPortrait UIInterfaceOrientationLandscapeLeft UIInterfaceOrientationLandscapeRight";
				IPHONEOS_DEPLOYMENT_TARGET = 12.3;
				LD_RUNPATH_SEARCH_PATHS = (
					"$(inherited)",
					"@executable_path/Frameworks",
				);
				MARKETING_VERSION = 1.0;
				PRODUCT_BUNDLE_IDENTIFIER = kim.hanbin.TravelMapTemp2634;
				PRODUCT_NAME = "$(TARGET_NAME)";
				PROVISIONING_PROFILE_SPECIFIER = "";
				SWIFT_EMIT_LOC_STRINGS = YES;
				SWIFT_VERSION = 5.0;
				TARGETED_DEVICE_FAMILY = 1;
			};
			name = Release;
		};
/* End XCBuildConfiguration section */

/* Begin XCConfigurationList section */
		D0FF64AE966FB16B4F871992 /* Build configuration list for PBXProject "TravelMap" */ = {
			isa = XCConfigurationList;
			buildConfigurations = (
				D0FF65782EEAFA42B172D08C /* Debug */,
				D0FF66F04A933485C21ACE97 /* Release */,
			);
			defaultConfigurationIsVisible = 0;
			defaultConfigurationName = Release;
		};
		D0FF6B5D120D0C21D3CEA888 /* Build configuration list for PBXNativeTarget "TravelMap" */ = {
			isa = XCConfigurationList;
			buildConfigurations = (
				D0FF64F43F12BD0168E06DE2 /* Debug */,
				D0FF6BD8CDE9293C0DFA3411 /* Release */,
			);
			defaultConfigurationIsVisible = 0;
			defaultConfigurationName = Release;
		};
/* End XCConfigurationList section */

/* Begin XCRemoteSwiftPackageReference section */
		AF2847B6270DE331003C0B16 /* XCRemoteSwiftPackageReference "SwiftyJSON" */ = {
			isa = XCRemoteSwiftPackageReference;
			repositoryURL = "https://github.com/SwiftyJSON/SwiftyJSON.git";
			requirement = {
				kind = exactVersion;
				version = 5.0.0;
			};
		};
		AFE0F831270D4D1B001B1C5C /* XCRemoteSwiftPackageReference "SwiftCoroutine" */ = {
			isa = XCRemoteSwiftPackageReference;
			repositoryURL = "https://github.com/belozierov/SwiftCoroutine.git";
			requirement = {
				kind = upToNextMinorVersion;
				minimumVersion = 2.1.0;
			};
		};
		AFE0F834270D4D6C001B1C5C /* XCRemoteSwiftPackageReference "Alamofire" */ = {
			isa = XCRemoteSwiftPackageReference;
			repositoryURL = "https://github.com/Alamofire/Alamofire.git";
			requirement = {
				kind = upToNextMajorVersion;
				minimumVersion = 5.0.0;
			};
		};
		AFE0F837270D4E82001B1C5C /* XCRemoteSwiftPackageReference "firebase-ios-sdk" */ = {
			isa = XCRemoteSwiftPackageReference;
			repositoryURL = "https://github.com/firebase/firebase-ios-sdk.git";
			requirement = {
				kind = upToNextMajorVersion;
				minimumVersion = 8.0.0;
			};
		};
		AFEB1C5527107E1E008D26B4 /* XCRemoteSwiftPackageReference "ImageScrollView" */ = {
			isa = XCRemoteSwiftPackageReference;
			repositoryURL = "https://github.com/huynguyencong/ImageScrollView.git";
			requirement = {
				kind = upToNextMajorVersion;
				minimumVersion = 1.0.0;
			};
		};
/* End XCRemoteSwiftPackageReference section */

/* Begin XCSwiftPackageProductDependency section */
		AF2847B7270DE331003C0B16 /* SwiftyJSON */ = {
			isa = XCSwiftPackageProductDependency;
			package = AF2847B6270DE331003C0B16 /* XCRemoteSwiftPackageReference "SwiftyJSON" */;
			productName = SwiftyJSON;
		};
		AFE0F832270D4D1B001B1C5C /* SwiftCoroutine */ = {
			isa = XCSwiftPackageProductDependency;
			package = AFE0F831270D4D1B001B1C5C /* XCRemoteSwiftPackageReference "SwiftCoroutine" */;
			productName = SwiftCoroutine;
		};
		AFE0F835270D4D6C001B1C5C /* Alamofire */ = {
			isa = XCSwiftPackageProductDependency;
			package = AFE0F834270D4D6C001B1C5C /* XCRemoteSwiftPackageReference "Alamofire" */;
			productName = Alamofire;
		};
		AFE0F838270D4E82001B1C5C /* FirebaseAuth */ = {
			isa = XCSwiftPackageProductDependency;
			package = AFE0F837270D4E82001B1C5C /* XCRemoteSwiftPackageReference "firebase-ios-sdk" */;
			productName = FirebaseAuth;
		};
		AFEB1C5627107E1E008D26B4 /* ImageScrollView */ = {
			isa = XCSwiftPackageProductDependency;
			package = AFEB1C5527107E1E008D26B4 /* XCRemoteSwiftPackageReference "ImageScrollView" */;
			productName = ImageScrollView;
		};
/* End XCSwiftPackageProductDependency section */
	};
	rootObject = D0FF694026F30F072DA4141A /* Project object */;
}
