// !$*UTF8*$!
{
	archiveVersion = 1;
	classes = {
	};
	objectVersion = 52;
	objects = {

/* Begin PBXBuildFile section */
		AF0AB673270FED7E0016D530 /* PhotoService.swift in Sources */ = {isa = PBXBuildFile; fileRef = AF0AB672270FED7E0016D530 /* PhotoService.swift */; };
		AF0AB675270FEEDA0016D530 /* DBData.swift in Sources */ = {isa = PBXBuildFile; fileRef = AF0AB674270FEEDA0016D530 /* DBData.swift */; };
		AF2847B3270DD0B7003C0B16 /* AlbumViewCell.swift in Sources */ = {isa = PBXBuildFile; fileRef = AF2847B2270DD0B7003C0B16 /* AlbumViewCell.swift */; };
		AF3F2D492744B0E3008C5666 /* GoogleMaps in Frameworks */ = {isa = PBXBuildFile; productRef = AF3F2D482744B0E3008C5666 /* GoogleMaps */; };
		AF3F2D4B2744B0E3008C5666 /* GoogleMapsBase in Frameworks */ = {isa = PBXBuildFile; productRef = AF3F2D4A2744B0E3008C5666 /* GoogleMapsBase */; };
		AF3F2D4D2744B0E3008C5666 /* GoogleMapsCore in Frameworks */ = {isa = PBXBuildFile; productRef = AF3F2D4C2744B0E3008C5666 /* GoogleMapsCore */; };
		AF3F2D532744B124008C5666 /* FacebookCore in Frameworks */ = {isa = PBXBuildFile; productRef = AF3F2D522744B124008C5666 /* FacebookCore */; };
		AF3F2D552744B124008C5666 /* FacebookLogin in Frameworks */ = {isa = PBXBuildFile; productRef = AF3F2D542744B124008C5666 /* FacebookLogin */; };
		AF3F2D582744B136008C5666 /* GoogleSignIn in Frameworks */ = {isa = PBXBuildFile; productRef = AF3F2D572744B136008C5666 /* GoogleSignIn */; };
		AF3F2D5B2744B146008C5666 /* Toast in Frameworks */ = {isa = PBXBuildFile; productRef = AF3F2D5A2744B146008C5666 /* Toast */; };
		AF3F2D5E2744B158008C5666 /* CryptoSwift in Frameworks */ = {isa = PBXBuildFile; productRef = AF3F2D5D2744B158008C5666 /* CryptoSwift */; };
		AF3F2D612744B16E008C5666 /* GoogleMapsUtils in Frameworks */ = {isa = PBXBuildFile; productRef = AF3F2D602744B16E008C5666 /* GoogleMapsUtils */; };
		AF3F2D652744B2D6008C5666 /* Alamofire in Frameworks */ = {isa = PBXBuildFile; productRef = AF3F2D642744B2D6008C5666 /* Alamofire */; };
		AF3F2D682744B2EC008C5666 /* SwiftCoroutine in Frameworks */ = {isa = PBXBuildFile; productRef = AF3F2D672744B2EC008C5666 /* SwiftCoroutine */; };
		AF3F2D6B2744B34C008C5666 /* FirebaseAuth in Frameworks */ = {isa = PBXBuildFile; productRef = AF3F2D6A2744B34C008C5666 /* FirebaseAuth */; };
		AF3F2D732744B544008C5666 /* ImageScrollView in Frameworks */ = {isa = PBXBuildFile; productRef = AF3F2D722744B544008C5666 /* ImageScrollView */; };
		AF3F2D762744B5B8008C5666 /* SwiftyJSON in Frameworks */ = {isa = PBXBuildFile; productRef = AF3F2D752744B5B8008C5666 /* SwiftyJSON */; };
		AF3F2D792744B7BC008C5666 /* RealmSwift in Frameworks */ = {isa = PBXBuildFile; productRef = AF3F2D782744B7BC008C5666 /* RealmSwift */; };
		AF3F2D7C2744B85A008C5666 /* YAJLO in Frameworks */ = {isa = PBXBuildFile; productRef = AF3F2D7B2744B85A008C5666 /* YAJLO */; };
		AF5E09B62713314700B964D8 /* ImageListViewController.swift in Sources */ = {isa = PBXBuildFile; fileRef = AF5E09B52713314700B964D8 /* ImageListViewController.swift */; };
		AF5E09C12713E66C00B964D8 /* ImageScrollViewController.swift in Sources */ = {isa = PBXBuildFile; fileRef = AF5E09C02713E66C00B964D8 /* ImageScrollViewController.swift */; };
		AF663B64273F641C00F1A258 /* MenuViewController.swift in Sources */ = {isa = PBXBuildFile; fileRef = AF663B63273F641C00F1A258 /* MenuViewController.swift */; };
		AF663B66273FE77A00F1A258 /* FriendViewController.swift in Sources */ = {isa = PBXBuildFile; fileRef = AF663B65273FE77A00F1A258 /* FriendViewController.swift */; };
		AF663B69273FEDD200F1A258 /* FriendTableViewCell.swift in Sources */ = {isa = PBXBuildFile; fileRef = AF663B67273FEDD200F1A258 /* FriendTableViewCell.swift */; };
		AF663B6A273FEDD200F1A258 /* FriendTableViewCell.xib in Resources */ = {isa = PBXBuildFile; fileRef = AF663B68273FEDD200F1A258 /* FriendTableViewCell.xib */; };
		AF663B6C273FEE6D00F1A258 /* FriendItem.swift in Sources */ = {isa = PBXBuildFile; fileRef = AF663B6B273FEE6D00F1A258 /* FriendItem.swift */; };
		AF663B6E2740059B00F1A258 /* AddFriendDialog.swift in Sources */ = {isa = PBXBuildFile; fileRef = AF663B6D2740059B00F1A258 /* AddFriendDialog.swift */; };
		AF663B7227401E2E00F1A258 /* SchemeViewController.swift in Sources */ = {isa = PBXBuildFile; fileRef = AF663B7127401E2E00F1A258 /* SchemeViewController.swift */; };
		AF663B742740B6EF00F1A258 /* SchemeData.swift in Sources */ = {isa = PBXBuildFile; fileRef = AF663B732740B6EF00F1A258 /* SchemeData.swift */; };
		AF663B7927421F5700F1A258 /* JsonData.swift in Sources */ = {isa = PBXBuildFile; fileRef = AF663B7827421F5700F1A258 /* JsonData.swift */; };
		AF663B7B2742261D00F1A258 /* PasswordDialog.swift in Sources */ = {isa = PBXBuildFile; fileRef = AF663B7A2742261D00F1A258 /* PasswordDialog.swift */; };
		AF663B7D274228CF00F1A258 /* FileInputStream.swift in Sources */ = {isa = PBXBuildFile; fileRef = AF663B7C274228CF00F1A258 /* FileInputStream.swift */; };
		AF69CBAF270E9B3200F92788 /* ImageViewCell.swift in Sources */ = {isa = PBXBuildFile; fileRef = AF69CBAE270E9B3200F92788 /* ImageViewCell.swift */; };
		AF69CBB1270E9F5C00F92788 /* DateTimeReusableView.swift in Sources */ = {isa = PBXBuildFile; fileRef = AF69CBB0270E9F5C00F92788 /* DateTimeReusableView.swift */; };
		AF69CBB3270EC82B00F92788 /* ic_launcher.png in Resources */ = {isa = PBXBuildFile; fileRef = AF69CBB2270EC82A00F92788 /* ic_launcher.png */; };
		AF69CBB5270EDBDA00F92788 /* TrackingListTableViewCell.swift in Sources */ = {isa = PBXBuildFile; fileRef = AF69CBB4270EDBDA00F92788 /* TrackingListTableViewCell.swift */; };
		AF69CBB7270EDC5A00F92788 /* TrackingListViewController.swift in Sources */ = {isa = PBXBuildFile; fileRef = AF69CBB6270EDC5A00F92788 /* TrackingListViewController.swift */; };
		AF6AB216273238E2003E0E6B /* TrackingMapViewController.swift in Sources */ = {isa = PBXBuildFile; fileRef = AF6AB215273238E2003E0E6B /* TrackingMapViewController.swift */; };
		AF6AB21A27323A91003E0E6B /* BottomSheetViewController.swift in Sources */ = {isa = PBXBuildFile; fileRef = AF6AB21927323A91003E0E6B /* BottomSheetViewController.swift */; };
		AF6C8633273A662B00A65936 /* ProgressPopup.swift in Sources */ = {isa = PBXBuildFile; fileRef = AF6C8632273A662B00A65936 /* ProgressPopup.swift */; };
		AF6C8635273A73EF00A65936 /* NicknameDialog.swift in Sources */ = {isa = PBXBuildFile; fileRef = AF6C8634273A73EF00A65936 /* NicknameDialog.swift */; };
		AF6C8637273A813F00A65936 /* LoginResultProtocol.swift in Sources */ = {isa = PBXBuildFile; fileRef = AF6C8636273A813F00A65936 /* LoginResultProtocol.swift */; };
		AF6C8639273AB44D00A65936 /* GoogleService-Info.plist in Resources */ = {isa = PBXBuildFile; fileRef = AF6C8638273AB44D00A65936 /* GoogleService-Info.plist */; };
		AF6C863B273ACDA900A65936 /* AlamofireSession.swift in Sources */ = {isa = PBXBuildFile; fileRef = AF6C863A273ACDA900A65936 /* AlamofireSession.swift */; };
		AF986BC4273584FB004B1350 /* ShareSelectDialog.swift in Sources */ = {isa = PBXBuildFile; fileRef = AF986BC3273584FB004B1350 /* ShareSelectDialog.swift */; };
		AF986BC82735850F004B1350 /* ShareProgressDialog.swift in Sources */ = {isa = PBXBuildFile; fileRef = AF986BC72735850F004B1350 /* ShareProgressDialog.swift */; };
		AF986BCE27363C69004B1350 /* AES256OutputStream.swift in Sources */ = {isa = PBXBuildFile; fileRef = AF986BCD27363C69004B1350 /* AES256OutputStream.swift */; };
		AF986BD0273657D4004B1350 /* FileOutputStream.swift in Sources */ = {isa = PBXBuildFile; fileRef = AF986BCF273657D4004B1350 /* FileOutputStream.swift */; };
		AFA7307327141EB2001994C2 /* PhotoCollectionViewCell.swift in Sources */ = {isa = PBXBuildFile; fileRef = AFA7307227141EB2001994C2 /* PhotoCollectionViewCell.swift */; };
		AFA9DF5B273978C40034F2DB /* LoginViewController.swift in Sources */ = {isa = PBXBuildFile; fileRef = AFA9DF5A273978C40034F2DB /* LoginViewController.swift */; };
		AFB56712272ADA070021C6E5 /* GoogleMapViewController.swift in Sources */ = {isa = PBXBuildFile; fileRef = AFB56711272ADA070021C6E5 /* GoogleMapViewController.swift */; };
		AFB56717272AE9130021C6E5 /* CustomMarkerView.swift in Sources */ = {isa = PBXBuildFile; fileRef = AFB56716272AE9130021C6E5 /* CustomMarkerView.swift */; };
		AFB56719272AEA9D0021C6E5 /* CustomMarkerView.xib in Resources */ = {isa = PBXBuildFile; fileRef = AFB56718272AEA9D0021C6E5 /* CustomMarkerView.xib */; };
		AFB5674E272E42690021C6E5 /* TrackingItemMenuDialog.swift in Sources */ = {isa = PBXBuildFile; fileRef = AFB5674D272E42690021C6E5 /* TrackingItemMenuDialog.swift */; };
		AFB56752272E4FAA0021C6E5 /* TrackingNameDialog.swift in Sources */ = {isa = PBXBuildFile; fileRef = AFB56751272E4FAA0021C6E5 /* TrackingNameDialog.swift */; };
		AFCD2BD52721152200B2D40A /* MyPreferences.swift in Sources */ = {isa = PBXBuildFile; fileRef = AFCD2BD42721152200B2D40A /* MyPreferences.swift */; };
		AFD06CB12723CD02006122FA /* AtomicInteger.swift in Sources */ = {isa = PBXBuildFile; fileRef = AFD06CB02723CD02006122FA /* AtomicInteger.swift */; };
		AFEB1C5427107C68008D26B4 /* PhotoViewController.swift in Sources */ = {isa = PBXBuildFile; fileRef = AFEB1C5327107C68008D26B4 /* PhotoViewController.swift */; };
		B8DF709BAF2C02F697FB0F57 /* Pods_TravelMap.framework in Frameworks */ = {isa = PBXBuildFile; fileRef = 0ECA50148A21940DBF556356 /* Pods_TravelMap.framework */; };
		D0FF61CF5341C9D25B7573F2 /* Assets.xcassets in Resources */ = {isa = PBXBuildFile; fileRef = D0FF61419E9C5EF57382F5D6 /* Assets.xcassets */; };
		D0FF627DEBFEA67969ED8701 /* LaunchScreen.storyboard in Resources */ = {isa = PBXBuildFile; fileRef = D0FF6C5CE4381A4CCBD373A7 /* LaunchScreen.storyboard */; };
		D0FF63CBC07EB3F052A9E4A4 /* AppDelegate.swift in Sources */ = {isa = PBXBuildFile; fileRef = D0FF6BFD31505FB70742BFC8 /* AppDelegate.swift */; };
		D0FF640DD756F4C93623DE84 /* MainMapViewConroller.swift in Sources */ = {isa = PBXBuildFile; fileRef = D0FF63C8F400A32D5B72426F /* MainMapViewConroller.swift */; };
		D0FF64499A57687E47358BC4 /* SceneDelegate.swift in Sources */ = {isa = PBXBuildFile; fileRef = D0FF61A112E355F64E89E77F /* SceneDelegate.swift */; };
		D0FF6473FD17CE1B7F752BE0 /* MainViewController.swift in Sources */ = {isa = PBXBuildFile; fileRef = D0FF6BF4D1C47202CEBB372E /* MainViewController.swift */; };
		D0FF650BD16765F8400F1758 /* DailyPhotoListViewController.swift in Sources */ = {isa = PBXBuildFile; fileRef = D0FF6B62093C2C424D3E9A56 /* DailyPhotoListViewController.swift */; };
		D0FF665E5DDB3E4401B8B8FB /* LaunchScreen.storyboard in Resources */ = {isa = PBXBuildFile; fileRef = D0FF64379230BF1CBD13206C /* LaunchScreen.storyboard */; };
		D0FF6899DDB26A19C78A3A0F /* TrackingMenuViewController.swift in Sources */ = {isa = PBXBuildFile; fileRef = D0FF6418EBF277AB76A5EED8 /* TrackingMenuViewController.swift */; };
		D0FF6A32958F37A6ACC8C952 /* Main.storyboard in Resources */ = {isa = PBXBuildFile; fileRef = D0FF6D7FE5EBD90CA9AB1F9E /* Main.storyboard */; };
		D0FF6A98C94D43C6D6D06641 /* TravelMap.entitlements in Resources */ = {isa = PBXBuildFile; fileRef = D0FF6B0F201448343CD6C01A /* TravelMap.entitlements */; };
		D0FF6ADF47670834DD00F732 /* Main.storyboard in Resources */ = {isa = PBXBuildFile; fileRef = D0FF6F09A62AC67B7B81C94E /* Main.storyboard */; };
		D0FF6B9EEE417AEFA36F1C0B /* BMJUA_otf.otf in Resources */ = {isa = PBXBuildFile; fileRef = D0FF6B5143E80CC347115857 /* BMJUA_otf.otf */; };
		D0FF6D893C9FC7468D976755 /* AlbumViewController.swift in Sources */ = {isa = PBXBuildFile; fileRef = D0FF6340C551E55CBDE543D3 /* AlbumViewController.swift */; };
		D0FF6F12FF4809D6F21C5EA2 /* ViewController.swift in Sources */ = {isa = PBXBuildFile; fileRef = D0FF6B3D32D3DAC8AEC1657C /* ViewController.swift */; };
/* End PBXBuildFile section */

/* Begin PBXFileReference section */
		0ECA50148A21940DBF556356 /* Pods_TravelMap.framework */ = {isa = PBXFileReference; explicitFileType = wrapper.framework; includeInIndex = 0; path = Pods_TravelMap.framework; sourceTree = BUILT_PRODUCTS_DIR; };
		94F39182AB8A9577901141F2 /* Pods-TravelMap.release.xcconfig */ = {isa = PBXFileReference; includeInIndex = 1; lastKnownFileType = text.xcconfig; name = "Pods-TravelMap.release.xcconfig"; path = "Target Support Files/Pods-TravelMap/Pods-TravelMap.release.xcconfig"; sourceTree = "<group>"; };
		AF0AB672270FED7E0016D530 /* PhotoService.swift */ = {isa = PBXFileReference; lastKnownFileType = sourcecode.swift; path = PhotoService.swift; sourceTree = "<group>"; };
		AF0AB674270FEEDA0016D530 /* DBData.swift */ = {isa = PBXFileReference; lastKnownFileType = sourcecode.swift; path = DBData.swift; sourceTree = "<group>"; };
		AF2847B2270DD0B7003C0B16 /* AlbumViewCell.swift */ = {isa = PBXFileReference; lastKnownFileType = sourcecode.swift; path = AlbumViewCell.swift; sourceTree = "<group>"; };
		AF5E09B52713314700B964D8 /* ImageListViewController.swift */ = {isa = PBXFileReference; lastKnownFileType = sourcecode.swift; path = ImageListViewController.swift; sourceTree = "<group>"; };
		AF5E09C02713E66C00B964D8 /* ImageScrollViewController.swift */ = {isa = PBXFileReference; lastKnownFileType = sourcecode.swift; path = ImageScrollViewController.swift; sourceTree = "<group>"; };
		AF663B63273F641C00F1A258 /* MenuViewController.swift */ = {isa = PBXFileReference; lastKnownFileType = sourcecode.swift; path = MenuViewController.swift; sourceTree = "<group>"; };
		AF663B65273FE77A00F1A258 /* FriendViewController.swift */ = {isa = PBXFileReference; lastKnownFileType = sourcecode.swift; path = FriendViewController.swift; sourceTree = "<group>"; };
		AF663B67273FEDD200F1A258 /* FriendTableViewCell.swift */ = {isa = PBXFileReference; lastKnownFileType = sourcecode.swift; path = FriendTableViewCell.swift; sourceTree = "<group>"; };
		AF663B68273FEDD200F1A258 /* FriendTableViewCell.xib */ = {isa = PBXFileReference; lastKnownFileType = file.xib; path = FriendTableViewCell.xib; sourceTree = "<group>"; };
		AF663B6B273FEE6D00F1A258 /* FriendItem.swift */ = {isa = PBXFileReference; lastKnownFileType = sourcecode.swift; path = FriendItem.swift; sourceTree = "<group>"; };
		AF663B6D2740059B00F1A258 /* AddFriendDialog.swift */ = {isa = PBXFileReference; lastKnownFileType = sourcecode.swift; path = AddFriendDialog.swift; sourceTree = "<group>"; };
		AF663B7127401E2E00F1A258 /* SchemeViewController.swift */ = {isa = PBXFileReference; lastKnownFileType = sourcecode.swift; path = SchemeViewController.swift; sourceTree = "<group>"; };
		AF663B732740B6EF00F1A258 /* SchemeData.swift */ = {isa = PBXFileReference; lastKnownFileType = sourcecode.swift; path = SchemeData.swift; sourceTree = "<group>"; };
		AF663B7827421F5700F1A258 /* JsonData.swift */ = {isa = PBXFileReference; lastKnownFileType = sourcecode.swift; path = JsonData.swift; sourceTree = "<group>"; };
		AF663B7A2742261D00F1A258 /* PasswordDialog.swift */ = {isa = PBXFileReference; lastKnownFileType = sourcecode.swift; path = PasswordDialog.swift; sourceTree = "<group>"; };
		AF663B7C274228CF00F1A258 /* FileInputStream.swift */ = {isa = PBXFileReference; lastKnownFileType = sourcecode.swift; path = FileInputStream.swift; sourceTree = "<group>"; };
		AF69CBAE270E9B3200F92788 /* ImageViewCell.swift */ = {isa = PBXFileReference; lastKnownFileType = sourcecode.swift; path = ImageViewCell.swift; sourceTree = "<group>"; };
		AF69CBB0270E9F5C00F92788 /* DateTimeReusableView.swift */ = {isa = PBXFileReference; lastKnownFileType = sourcecode.swift; path = DateTimeReusableView.swift; sourceTree = "<group>"; };
		AF69CBB2270EC82A00F92788 /* ic_launcher.png */ = {isa = PBXFileReference; lastKnownFileType = image.png; path = ic_launcher.png; sourceTree = "<group>"; };
		AF69CBB4270EDBDA00F92788 /* TrackingListTableViewCell.swift */ = {isa = PBXFileReference; lastKnownFileType = sourcecode.swift; path = TrackingListTableViewCell.swift; sourceTree = "<group>"; };
		AF69CBB6270EDC5A00F92788 /* TrackingListViewController.swift */ = {isa = PBXFileReference; lastKnownFileType = sourcecode.swift; path = TrackingListViewController.swift; sourceTree = "<group>"; };
		AF6AB215273238E2003E0E6B /* TrackingMapViewController.swift */ = {isa = PBXFileReference; lastKnownFileType = sourcecode.swift; path = TrackingMapViewController.swift; sourceTree = "<group>"; };
		AF6AB21927323A91003E0E6B /* BottomSheetViewController.swift */ = {isa = PBXFileReference; lastKnownFileType = sourcecode.swift; path = BottomSheetViewController.swift; sourceTree = "<group>"; };
		AF6C8632273A662B00A65936 /* ProgressPopup.swift */ = {isa = PBXFileReference; lastKnownFileType = sourcecode.swift; path = ProgressPopup.swift; sourceTree = "<group>"; };
		AF6C8634273A73EF00A65936 /* NicknameDialog.swift */ = {isa = PBXFileReference; lastKnownFileType = sourcecode.swift; path = NicknameDialog.swift; sourceTree = "<group>"; };
		AF6C8636273A813F00A65936 /* LoginResultProtocol.swift */ = {isa = PBXFileReference; lastKnownFileType = sourcecode.swift; path = LoginResultProtocol.swift; sourceTree = "<group>"; };
		AF6C8638273AB44D00A65936 /* GoogleService-Info.plist */ = {isa = PBXFileReference; fileEncoding = 4; lastKnownFileType = text.plist.xml; path = "GoogleService-Info.plist"; sourceTree = "<group>"; };
		AF6C863A273ACDA900A65936 /* AlamofireSession.swift */ = {isa = PBXFileReference; lastKnownFileType = sourcecode.swift; path = AlamofireSession.swift; sourceTree = "<group>"; };
		AF986BC3273584FB004B1350 /* ShareSelectDialog.swift */ = {isa = PBXFileReference; lastKnownFileType = sourcecode.swift; path = ShareSelectDialog.swift; sourceTree = "<group>"; };
		AF986BC72735850F004B1350 /* ShareProgressDialog.swift */ = {isa = PBXFileReference; lastKnownFileType = sourcecode.swift; path = ShareProgressDialog.swift; sourceTree = "<group>"; };
		AF986BC9273639BD004B1350 /* TravelMap-Bridging.Header.h */ = {isa = PBXFileReference; lastKnownFileType = sourcecode.c.h; path = "TravelMap-Bridging.Header.h"; sourceTree = "<group>"; };
		AF986BCD27363C69004B1350 /* AES256OutputStream.swift */ = {isa = PBXFileReference; lastKnownFileType = sourcecode.swift; path = AES256OutputStream.swift; sourceTree = "<group>"; };
		AF986BCF273657D4004B1350 /* FileOutputStream.swift */ = {isa = PBXFileReference; lastKnownFileType = sourcecode.swift; path = FileOutputStream.swift; sourceTree = "<group>"; };
		AFA7307227141EB2001994C2 /* PhotoCollectionViewCell.swift */ = {isa = PBXFileReference; lastKnownFileType = sourcecode.swift; path = PhotoCollectionViewCell.swift; sourceTree = "<group>"; };
		AFA9DF5A273978C40034F2DB /* LoginViewController.swift */ = {isa = PBXFileReference; lastKnownFileType = sourcecode.swift; path = LoginViewController.swift; sourceTree = "<group>"; };
		AFB56711272ADA070021C6E5 /* GoogleMapViewController.swift */ = {isa = PBXFileReference; lastKnownFileType = sourcecode.swift; path = GoogleMapViewController.swift; sourceTree = "<group>"; };
		AFB56716272AE9130021C6E5 /* CustomMarkerView.swift */ = {isa = PBXFileReference; lastKnownFileType = sourcecode.swift; path = CustomMarkerView.swift; sourceTree = "<group>"; };
		AFB56718272AEA9D0021C6E5 /* CustomMarkerView.xib */ = {isa = PBXFileReference; lastKnownFileType = file.xib; path = CustomMarkerView.xib; sourceTree = "<group>"; };
		AFB5674D272E42690021C6E5 /* TrackingItemMenuDialog.swift */ = {isa = PBXFileReference; lastKnownFileType = sourcecode.swift; path = TrackingItemMenuDialog.swift; sourceTree = "<group>"; };
		AFB56751272E4FAA0021C6E5 /* TrackingNameDialog.swift */ = {isa = PBXFileReference; lastKnownFileType = sourcecode.swift; path = TrackingNameDialog.swift; sourceTree = "<group>"; };
		AFCD2BD42721152200B2D40A /* MyPreferences.swift */ = {isa = PBXFileReference; lastKnownFileType = sourcecode.swift; path = MyPreferences.swift; sourceTree = "<group>"; };
		AFD06CB02723CD02006122FA /* AtomicInteger.swift */ = {isa = PBXFileReference; lastKnownFileType = sourcecode.swift; path = AtomicInteger.swift; sourceTree = "<group>"; };
		AFEB1C5327107C68008D26B4 /* PhotoViewController.swift */ = {isa = PBXFileReference; lastKnownFileType = sourcecode.swift; path = PhotoViewController.swift; sourceTree = "<group>"; };
		D0FF61419E9C5EF57382F5D6 /* Assets.xcassets */ = {isa = PBXFileReference; lastKnownFileType = folder.assetcatalog; path = Assets.xcassets; sourceTree = "<group>"; };
		D0FF618743DBE3E4B7BB7E43 /* Base */ = {isa = PBXFileReference; lastKnownFileType = file.storyboard; name = Base; path = Main.storyboard; sourceTree = "<group>"; };
		D0FF6192A55330F037324B25 /* Base */ = {isa = PBXFileReference; lastKnownFileType = file.storyboard; name = Base; path = Base.lproj/Main.storyboard; sourceTree = "<group>"; };
		D0FF61A112E355F64E89E77F /* SceneDelegate.swift */ = {isa = PBXFileReference; lastKnownFileType = sourcecode.swift; path = SceneDelegate.swift; sourceTree = "<group>"; };
		D0FF6340C551E55CBDE543D3 /* AlbumViewController.swift */ = {isa = PBXFileReference; fileEncoding = 4; lastKnownFileType = sourcecode.swift; path = AlbumViewController.swift; sourceTree = "<group>"; };
		D0FF63B6ECBAE4D180CB72A0 /* TravelMap.app */ = {isa = PBXFileReference; explicitFileType = wrapper.application; includeInIndex = 0; path = TravelMap.app; sourceTree = BUILT_PRODUCTS_DIR; };
		D0FF63C8F400A32D5B72426F /* MainMapViewConroller.swift */ = {isa = PBXFileReference; fileEncoding = 4; lastKnownFileType = sourcecode.swift; path = MainMapViewConroller.swift; sourceTree = "<group>"; };
		D0FF6418EBF277AB76A5EED8 /* TrackingMenuViewController.swift */ = {isa = PBXFileReference; fileEncoding = 4; lastKnownFileType = sourcecode.swift; path = TrackingMenuViewController.swift; sourceTree = "<group>"; };
		D0FF6AA893835BAA913A558A /* Base */ = {isa = PBXFileReference; lastKnownFileType = file.storyboard; name = Base; path = Base.lproj/LaunchScreen.storyboard; sourceTree = "<group>"; };
		D0FF6B0F201448343CD6C01A /* TravelMap.entitlements */ = {isa = PBXFileReference; fileEncoding = 4; lastKnownFileType = text.plist.entitlements; path = TravelMap.entitlements; sourceTree = "<group>"; };
		D0FF6B3D32D3DAC8AEC1657C /* ViewController.swift */ = {isa = PBXFileReference; lastKnownFileType = sourcecode.swift; path = ViewController.swift; sourceTree = "<group>"; };
		D0FF6B5143E80CC347115857 /* BMJUA_otf.otf */ = {isa = PBXFileReference; lastKnownFileType = file.otf; path = BMJUA_otf.otf; sourceTree = "<group>"; };
		D0FF6B62093C2C424D3E9A56 /* DailyPhotoListViewController.swift */ = {isa = PBXFileReference; fileEncoding = 4; lastKnownFileType = sourcecode.swift; path = DailyPhotoListViewController.swift; sourceTree = "<group>"; };
		D0FF6BF4D1C47202CEBB372E /* MainViewController.swift */ = {isa = PBXFileReference; fileEncoding = 4; lastKnownFileType = sourcecode.swift; path = MainViewController.swift; sourceTree = "<group>"; };
		D0FF6BFD31505FB70742BFC8 /* AppDelegate.swift */ = {isa = PBXFileReference; lastKnownFileType = sourcecode.swift; path = AppDelegate.swift; sourceTree = "<group>"; };
		D0FF6DA4FF5CDF5F6FD9B46D /* Base */ = {isa = PBXFileReference; lastKnownFileType = file.storyboard; name = Base; path = LaunchScreen.storyboard; sourceTree = "<group>"; };
		D0FF6E04A90A8DCAECCA74AF /* Info.plist */ = {isa = PBXFileReference; lastKnownFileType = text.plist.info; path = Info.plist; sourceTree = "<group>"; };
		DE8486D90F90CD62F2A54894 /* Pods-TravelMap.debug.xcconfig */ = {isa = PBXFileReference; includeInIndex = 1; lastKnownFileType = text.xcconfig; name = "Pods-TravelMap.debug.xcconfig"; path = "Target Support Files/Pods-TravelMap/Pods-TravelMap.debug.xcconfig"; sourceTree = "<group>"; };
/* End PBXFileReference section */

/* Begin PBXFrameworksBuildPhase section */
		D0FF64FD7889089663FD36BE /* Frameworks */ = {
			isa = PBXFrameworksBuildPhase;
			buildActionMask = 2147483647;
			files = (
				AF3F2D552744B124008C5666 /* FacebookLogin in Frameworks */,
				AF3F2D6B2744B34C008C5666 /* FirebaseAuth in Frameworks */,
				AF3F2D4D2744B0E3008C5666 /* GoogleMapsCore in Frameworks */,
				AF3F2D762744B5B8008C5666 /* SwiftyJSON in Frameworks */,
				AF3F2D532744B124008C5666 /* FacebookCore in Frameworks */,
				B8DF709BAF2C02F697FB0F57 /* Pods_TravelMap.framework in Frameworks */,
				AF3F2D612744B16E008C5666 /* GoogleMapsUtils in Frameworks */,
				AF3F2D492744B0E3008C5666 /* GoogleMaps in Frameworks */,
				AF3F2D792744B7BC008C5666 /* RealmSwift in Frameworks */,
				AF3F2D5E2744B158008C5666 /* CryptoSwift in Frameworks */,
				AF3F2D4B2744B0E3008C5666 /* GoogleMapsBase in Frameworks */,
				AF3F2D7C2744B85A008C5666 /* YAJLO in Frameworks */,
				AF3F2D5B2744B146008C5666 /* Toast in Frameworks */,
				AF3F2D732744B544008C5666 /* ImageScrollView in Frameworks */,
				AF3F2D582744B136008C5666 /* GoogleSignIn in Frameworks */,
				AF3F2D652744B2D6008C5666 /* Alamofire in Frameworks */,
				AF3F2D682744B2EC008C5666 /* SwiftCoroutine in Frameworks */,
			);
			runOnlyForDeploymentPostprocessing = 0;
		};
/* End PBXFrameworksBuildPhase section */

/* Begin PBXGroup section */
		AFB56748272C3FF80021C6E5 /* Frameworks */ = {
			isa = PBXGroup;
			children = (
				0ECA50148A21940DBF556356 /* Pods_TravelMap.framework */,
			);
			name = Frameworks;
			sourceTree = "<group>";
		};
		D0FF66134C63B78EF0FEB6A1 /* TravelMap */ = {
			isa = PBXGroup;
			children = (
				AF663B6B273FEE6D00F1A258 /* FriendItem.swift */,
				AF663B6D2740059B00F1A258 /* AddFriendDialog.swift */,
				AF986BCD27363C69004B1350 /* AES256OutputStream.swift */,
				AF6C863A273ACDA900A65936 /* AlamofireSession.swift */,
				AF2847B2270DD0B7003C0B16 /* AlbumViewCell.swift */,
				D0FF6340C551E55CBDE543D3 /* AlbumViewController.swift */,
				D0FF6BFD31505FB70742BFC8 /* AppDelegate.swift */,
				D0FF61419E9C5EF57382F5D6 /* Assets.xcassets */,
				AFD06CB02723CD02006122FA /* AtomicInteger.swift */,
				D0FF697CAF616812B00592D6 /* Base.lproj */,
				D0FF6B5143E80CC347115857 /* BMJUA_otf.otf */,
				AF6AB21927323A91003E0E6B /* BottomSheetViewController.swift */,
				AFB56716272AE9130021C6E5 /* CustomMarkerView.swift */,
				AFB56718272AEA9D0021C6E5 /* CustomMarkerView.xib */,
				D0FF6B62093C2C424D3E9A56 /* DailyPhotoListViewController.swift */,
				AF69CBB0270E9F5C00F92788 /* DateTimeReusableView.swift */,
				AF0AB674270FEEDA0016D530 /* DBData.swift */,
				AF986BCF273657D4004B1350 /* FileOutputStream.swift */,
				AF663B67273FEDD200F1A258 /* FriendTableViewCell.swift */,
				AF663B68273FEDD200F1A258 /* FriendTableViewCell.xib */,
				AF663B65273FE77A00F1A258 /* FriendViewController.swift */,
				AFB56711272ADA070021C6E5 /* GoogleMapViewController.swift */,
				AF6C8638273AB44D00A65936 /* GoogleService-Info.plist */,
				AF69CBB2270EC82A00F92788 /* ic_launcher.png */,
				AF5E09B52713314700B964D8 /* ImageListViewController.swift */,
				AF5E09C02713E66C00B964D8 /* ImageScrollViewController.swift */,
				AF69CBAE270E9B3200F92788 /* ImageViewCell.swift */,
				D0FF6E04A90A8DCAECCA74AF /* Info.plist */,
				D0FF64379230BF1CBD13206C /* LaunchScreen.storyboard */,
				AF6C8636273A813F00A65936 /* LoginResultProtocol.swift */,
				AFA9DF5A273978C40034F2DB /* LoginViewController.swift */,
				D0FF6D7FE5EBD90CA9AB1F9E /* Main.storyboard */,
				D0FF63C8F400A32D5B72426F /* MainMapViewConroller.swift */,
				D0FF6BF4D1C47202CEBB372E /* MainViewController.swift */,
				AF663B63273F641C00F1A258 /* MenuViewController.swift */,
				AFCD2BD42721152200B2D40A /* MyPreferences.swift */,
				AF6C8634273A73EF00A65936 /* NicknameDialog.swift */,
				AFA7307227141EB2001994C2 /* PhotoCollectionViewCell.swift */,
				AF0AB672270FED7E0016D530 /* PhotoService.swift */,
				AFEB1C5327107C68008D26B4 /* PhotoViewController.swift */,
				AF6C8632273A662B00A65936 /* ProgressPopup.swift */,
				D0FF61A112E355F64E89E77F /* SceneDelegate.swift */,
				AF663B732740B6EF00F1A258 /* SchemeData.swift */,
				AF663B7127401E2E00F1A258 /* SchemeViewController.swift */,
				AF986BC72735850F004B1350 /* ShareProgressDialog.swift */,
				AF986BC3273584FB004B1350 /* ShareSelectDialog.swift */,
				AFB5674D272E42690021C6E5 /* TrackingItemMenuDialog.swift */,
				AF69CBB4270EDBDA00F92788 /* TrackingListTableViewCell.swift */,
				AF69CBB6270EDC5A00F92788 /* TrackingListViewController.swift */,
				AF6AB215273238E2003E0E6B /* TrackingMapViewController.swift */,
				D0FF6418EBF277AB76A5EED8 /* TrackingMenuViewController.swift */,
				AFB56751272E4FAA0021C6E5 /* TrackingNameDialog.swift */,
				D0FF6B0F201448343CD6C01A /* TravelMap.entitlements */,
				D0FF6B3D32D3DAC8AEC1657C /* ViewController.swift */,
				AF663B7827421F5700F1A258 /* JsonData.swift */,
				AF663B7A2742261D00F1A258 /* PasswordDialog.swift */,
				AF663B7C274228CF00F1A258 /* FileInputStream.swift */,
			);
			path = TravelMap;
			sourceTree = "<group>";
		};
		D0FF66EB06F69D7038A758B8 /* Products */ = {
			isa = PBXGroup;
			children = (
				D0FF63B6ECBAE4D180CB72A0 /* TravelMap.app */,
			);
			name = Products;
			sourceTree = "<group>";
		};
		D0FF697CAF616812B00592D6 /* Base.lproj */ = {
			isa = PBXGroup;
			children = (
				D0FF6F09A62AC67B7B81C94E /* Main.storyboard */,
				D0FF6C5CE4381A4CCBD373A7 /* LaunchScreen.storyboard */,
			);
			path = Base.lproj;
			sourceTree = "<group>";
		};
		D0FF6F5D0BD6A98DC6CBC1CF = {
			isa = PBXGroup;
			children = (
				AFB56748272C3FF80021C6E5 /* Frameworks */,
				D0FF66EB06F69D7038A758B8 /* Products */,
				D0FF66134C63B78EF0FEB6A1 /* TravelMap */,
				AF986BC9273639BD004B1350 /* TravelMap-Bridging.Header.h */,
				F4482AECF3781906568960BE /* Pods */,
			);
			sourceTree = "<group>";
		};
		F4482AECF3781906568960BE /* Pods */ = {
			isa = PBXGroup;
			children = (
				DE8486D90F90CD62F2A54894 /* Pods-TravelMap.debug.xcconfig */,
				94F39182AB8A9577901141F2 /* Pods-TravelMap.release.xcconfig */,
			);
			path = Pods;
			sourceTree = "<group>";
		};
/* End PBXGroup section */

/* Begin PBXNativeTarget section */
		D0FF6F226CC696961C92AA57 /* TravelMap */ = {
			isa = PBXNativeTarget;
			buildConfigurationList = D0FF6B5D120D0C21D3CEA888 /* Build configuration list for PBXNativeTarget "TravelMap" */;
			buildPhases = (
				4307BB7F4D006999718ADD82 /* [CP] Check Pods Manifest.lock */,
				D0FF6B1D1127AD4755F98713 /* Sources */,
				D0FF64FD7889089663FD36BE /* Frameworks */,
				D0FF6166AA3CC129489CDBC5 /* Resources */,
				A8364C9A32901E34D2285030 /* [CP] Embed Pods Frameworks */,
			);
			buildRules = (
			);
			dependencies = (
			);
			name = TravelMap;
			packageProductDependencies = (
				AF3F2D482744B0E3008C5666 /* GoogleMaps */,
				AF3F2D4A2744B0E3008C5666 /* GoogleMapsBase */,
				AF3F2D4C2744B0E3008C5666 /* GoogleMapsCore */,
				AF3F2D522744B124008C5666 /* FacebookCore */,
				AF3F2D542744B124008C5666 /* FacebookLogin */,
				AF3F2D572744B136008C5666 /* GoogleSignIn */,
				AF3F2D5A2744B146008C5666 /* Toast */,
				AF3F2D5D2744B158008C5666 /* CryptoSwift */,
				AF3F2D602744B16E008C5666 /* GoogleMapsUtils */,
				AF3F2D642744B2D6008C5666 /* Alamofire */,
				AF3F2D672744B2EC008C5666 /* SwiftCoroutine */,
				AF3F2D6A2744B34C008C5666 /* FirebaseAuth */,
				AF3F2D722744B544008C5666 /* ImageScrollView */,
				AF3F2D752744B5B8008C5666 /* SwiftyJSON */,
				AF3F2D782744B7BC008C5666 /* RealmSwift */,
				AF3F2D7B2744B85A008C5666 /* YAJLO */,
			);
			productName = TravelMap;
			productReference = D0FF63B6ECBAE4D180CB72A0 /* TravelMap.app */;
			productType = "com.apple.product-type.application";
		};
/* End PBXNativeTarget section */

/* Begin PBXProject section */
		D0FF694026F30F072DA4141A /* Project object */ = {
			isa = PBXProject;
			attributes = {
				LastUpgradeCheck = 1300;
			};
			buildConfigurationList = D0FF64AE966FB16B4F871992 /* Build configuration list for PBXProject "TravelMap" */;
			compatibilityVersion = "Xcode 3.2";
			developmentRegion = en;
			hasScannedForEncodings = 0;
			knownRegions = (
				en,
				Base,
			);
			mainGroup = D0FF6F5D0BD6A98DC6CBC1CF;
			packageReferences = (
				AF3F2D472744B0E3008C5666 /* XCRemoteSwiftPackageReference "GoogleMaps-SP" */,
				AF3F2D512744B123008C5666 /* XCRemoteSwiftPackageReference "facebook-ios-sdk" */,
				AF3F2D562744B135008C5666 /* XCRemoteSwiftPackageReference "GoogleSignIn-iOS" */,
				AF3F2D592744B146008C5666 /* XCRemoteSwiftPackageReference "Toast-Swift" */,
				AF3F2D5C2744B158008C5666 /* XCRemoteSwiftPackageReference "CryptoSwift" */,
				AF3F2D5F2744B16E008C5666 /* XCRemoteSwiftPackageReference "google-maps-ios-utils" */,
				AF3F2D632744B2D6008C5666 /* XCRemoteSwiftPackageReference "Alamofire" */,
				AF3F2D662744B2EC008C5666 /* XCRemoteSwiftPackageReference "SwiftCoroutine" */,
				AF3F2D692744B34C008C5666 /* XCRemoteSwiftPackageReference "firebase-ios-sdk" */,
				AF3F2D712744B544008C5666 /* XCRemoteSwiftPackageReference "ImageScrollView" */,
				AF3F2D742744B5B7008C5666 /* XCRemoteSwiftPackageReference "SwiftyJSON" */,
				AF3F2D772744B7BC008C5666 /* XCRemoteSwiftPackageReference "realm-cocoa" */,
				AF3F2D7A2744B85A008C5666 /* XCRemoteSwiftPackageReference "yajl-objc" */,
			);
			productRefGroup = D0FF66EB06F69D7038A758B8 /* Products */;
			projectDirPath = "";
			projectRoot = "";
			targets = (
				D0FF6F226CC696961C92AA57 /* TravelMap */,
			);
		};
/* End PBXProject section */

/* Begin PBXResourcesBuildPhase section */
		D0FF6166AA3CC129489CDBC5 /* Resources */ = {
			isa = PBXResourcesBuildPhase;
			buildActionMask = 2147483647;
			files = (
				D0FF61CF5341C9D25B7573F2 /* Assets.xcassets in Resources */,
				D0FF665E5DDB3E4401B8B8FB /* LaunchScreen.storyboard in Resources */,
				D0FF6A32958F37A6ACC8C952 /* Main.storyboard in Resources */,
				D0FF6ADF47670834DD00F732 /* Main.storyboard in Resources */,
				D0FF627DEBFEA67969ED8701 /* LaunchScreen.storyboard in Resources */,
				AFB56719272AEA9D0021C6E5 /* CustomMarkerView.xib in Resources */,
				D0FF6A98C94D43C6D6D06641 /* TravelMap.entitlements in Resources */,
				AF6C8639273AB44D00A65936 /* GoogleService-Info.plist in Resources */,
				D0FF6B9EEE417AEFA36F1C0B /* BMJUA_otf.otf in Resources */,
				AF69CBB3270EC82B00F92788 /* ic_launcher.png in Resources */,
				AF663B6A273FEDD200F1A258 /* FriendTableViewCell.xib in Resources */,
			);
			runOnlyForDeploymentPostprocessing = 0;
		};
/* End PBXResourcesBuildPhase section */

/* Begin PBXShellScriptBuildPhase section */
		4307BB7F4D006999718ADD82 /* [CP] Check Pods Manifest.lock */ = {
			isa = PBXShellScriptBuildPhase;
			buildActionMask = 2147483647;
			files = (
			);
			inputFileListPaths = (
			);
			inputPaths = (
				"${PODS_PODFILE_DIR_PATH}/Podfile.lock",
				"${PODS_ROOT}/Manifest.lock",
			);
			name = "[CP] Check Pods Manifest.lock";
			outputFileListPaths = (
			);
			outputPaths = (
				"$(DERIVED_FILE_DIR)/Pods-TravelMap-checkManifestLockResult.txt",
			);
			runOnlyForDeploymentPostprocessing = 0;
			shellPath = /bin/sh;
			shellScript = "diff \"${PODS_PODFILE_DIR_PATH}/Podfile.lock\" \"${PODS_ROOT}/Manifest.lock\" > /dev/null\nif [ $? != 0 ] ; then\n    # print error to STDERR\n    echo \"error: The sandbox is not in sync with the Podfile.lock. Run 'pod install' or update your CocoaPods installation.\" >&2\n    exit 1\nfi\n# This output is used by Xcode 'outputs' to avoid re-running this script phase.\necho \"SUCCESS\" > \"${SCRIPT_OUTPUT_FILE_0}\"\n";
			showEnvVarsInLog = 0;
		};
		A8364C9A32901E34D2285030 /* [CP] Embed Pods Frameworks */ = {
			isa = PBXShellScriptBuildPhase;
			buildActionMask = 2147483647;
			files = (
			);
			inputPaths = (
				"${PODS_ROOT}/Target Support Files/Pods-TravelMap/Pods-TravelMap-frameworks.sh",
				"${BUILT_PRODUCTS_DIR}/DropDown/DropDown.framework",
			);
			name = "[CP] Embed Pods Frameworks";
			outputPaths = (
				"${TARGET_BUILD_DIR}/${FRAMEWORKS_FOLDER_PATH}/DropDown.framework",
			);
			runOnlyForDeploymentPostprocessing = 0;
			shellPath = /bin/sh;
			shellScript = "\"${PODS_ROOT}/Target Support Files/Pods-TravelMap/Pods-TravelMap-frameworks.sh\"\n";
			showEnvVarsInLog = 0;
		};
/* End PBXShellScriptBuildPhase section */

/* Begin PBXSourcesBuildPhase section */
		D0FF6B1D1127AD4755F98713 /* Sources */ = {
			isa = PBXSourcesBuildPhase;
			buildActionMask = 2147483647;
			files = (
				AF986BD0273657D4004B1350 /* FileOutputStream.swift in Sources */,
				AF663B7927421F5700F1A258 /* JsonData.swift in Sources */,
				AF6AB216273238E2003E0E6B /* TrackingMapViewController.swift in Sources */,
				AF5E09B62713314700B964D8 /* ImageListViewController.swift in Sources */,
				D0FF63CBC07EB3F052A9E4A4 /* AppDelegate.swift in Sources */,
				AFB56717272AE9130021C6E5 /* CustomMarkerView.swift in Sources */,
				AFCD2BD52721152200B2D40A /* MyPreferences.swift in Sources */,
				AF986BC82735850F004B1350 /* ShareProgressDialog.swift in Sources */,
				AF6C8635273A73EF00A65936 /* NicknameDialog.swift in Sources */,
				D0FF64499A57687E47358BC4 /* SceneDelegate.swift in Sources */,
				D0FF6F12FF4809D6F21C5EA2 /* ViewController.swift in Sources */,
				AFB5674E272E42690021C6E5 /* TrackingItemMenuDialog.swift in Sources */,
				AF663B6E2740059B00F1A258 /* AddFriendDialog.swift in Sources */,
				AF69CBAF270E9B3200F92788 /* ImageViewCell.swift in Sources */,
				AF986BC4273584FB004B1350 /* ShareSelectDialog.swift in Sources */,
				AF6C8637273A813F00A65936 /* LoginResultProtocol.swift in Sources */,
				AF663B7227401E2E00F1A258 /* SchemeViewController.swift in Sources */,
				AFA9DF5B273978C40034F2DB /* LoginViewController.swift in Sources */,
				AF69CBB5270EDBDA00F92788 /* TrackingListTableViewCell.swift in Sources */,
				AFD06CB12723CD02006122FA /* AtomicInteger.swift in Sources */,
				AF0AB675270FEEDA0016D530 /* DBData.swift in Sources */,
				AFA7307327141EB2001994C2 /* PhotoCollectionViewCell.swift in Sources */,
				D0FF6D893C9FC7468D976755 /* AlbumViewController.swift in Sources */,
				AF0AB673270FED7E0016D530 /* PhotoService.swift in Sources */,
				AF663B7D274228CF00F1A258 /* FileInputStream.swift in Sources */,
				D0FF650BD16765F8400F1758 /* DailyPhotoListViewController.swift in Sources */,
				AF663B66273FE77A00F1A258 /* FriendViewController.swift in Sources */,
				D0FF640DD756F4C93623DE84 /* MainMapViewConroller.swift in Sources */,
				AF69CBB1270E9F5C00F92788 /* DateTimeReusableView.swift in Sources */,
				AF5E09C12713E66C00B964D8 /* ImageScrollViewController.swift in Sources */,
				AF663B6C273FEE6D00F1A258 /* FriendItem.swift in Sources */,
				AF663B742740B6EF00F1A258 /* SchemeData.swift in Sources */,
				AF986BCE27363C69004B1350 /* AES256OutputStream.swift in Sources */,
				AF6C8633273A662B00A65936 /* ProgressPopup.swift in Sources */,
				AF6AB21A27323A91003E0E6B /* BottomSheetViewController.swift in Sources */,
				D0FF6473FD17CE1B7F752BE0 /* MainViewController.swift in Sources */,
				AF69CBB7270EDC5A00F92788 /* TrackingListViewController.swift in Sources */,
				AFEB1C5427107C68008D26B4 /* PhotoViewController.swift in Sources */,
				D0FF6899DDB26A19C78A3A0F /* TrackingMenuViewController.swift in Sources */,
				AF663B69273FEDD200F1A258 /* FriendTableViewCell.swift in Sources */,
				AF663B64273F641C00F1A258 /* MenuViewController.swift in Sources */,
				AFB56752272E4FAA0021C6E5 /* TrackingNameDialog.swift in Sources */,
				AF6C863B273ACDA900A65936 /* AlamofireSession.swift in Sources */,
				AF663B7B2742261D00F1A258 /* PasswordDialog.swift in Sources */,
				AFB56712272ADA070021C6E5 /* GoogleMapViewController.swift in Sources */,
				AF2847B3270DD0B7003C0B16 /* AlbumViewCell.swift in Sources */,
			);
			runOnlyForDeploymentPostprocessing = 0;
		};
/* End PBXSourcesBuildPhase section */

/* Begin PBXVariantGroup section */
		D0FF64379230BF1CBD13206C /* LaunchScreen.storyboard */ = {
			isa = PBXVariantGroup;
			children = (
				D0FF6AA893835BAA913A558A /* Base */,
			);
			name = LaunchScreen.storyboard;
			sourceTree = "<group>";
		};
		D0FF6C5CE4381A4CCBD373A7 /* LaunchScreen.storyboard */ = {
			isa = PBXVariantGroup;
			children = (
				D0FF6DA4FF5CDF5F6FD9B46D /* Base */,
			);
			name = LaunchScreen.storyboard;
			sourceTree = "<group>";
		};
		D0FF6D7FE5EBD90CA9AB1F9E /* Main.storyboard */ = {
			isa = PBXVariantGroup;
			children = (
				D0FF6192A55330F037324B25 /* Base */,
			);
			name = Main.storyboard;
			sourceTree = "<group>";
		};
		D0FF6F09A62AC67B7B81C94E /* Main.storyboard */ = {
			isa = PBXVariantGroup;
			children = (
				D0FF618743DBE3E4B7BB7E43 /* Base */,
			);
			name = Main.storyboard;
			sourceTree = "<group>";
		};
/* End PBXVariantGroup section */

/* Begin XCBuildConfiguration section */
		D0FF64F43F12BD0168E06DE2 /* Debug */ = {
			isa = XCBuildConfiguration;
			baseConfigurationReference = DE8486D90F90CD62F2A54894 /* Pods-TravelMap.debug.xcconfig */;
			buildSettings = {
				ASSETCATALOG_COMPILER_APPICON_NAME = AppIcon;
				ASSETCATALOG_COMPILER_GLOBAL_ACCENT_COLOR_NAME = AccentColor;
				CODE_SIGN_IDENTITY = "Apple Development";
				CODE_SIGN_STYLE = Automatic;
				CURRENT_PROJECT_VERSION = 1;
				DEVELOPMENT_TEAM = Q3X65N3243;
				GENERATE_INFOPLIST_FILE = YES;
				INFOPLIST_FILE = TravelMap/Info.plist;
				INFOPLIST_KEY_NSLocationAlwaysAndWhenInUseUsageDescription = "여행기록을 하기 위해선 위치추적 권한이 필요합니다.";
				INFOPLIST_KEY_NSLocationAlwaysUsageDescription = "여행기록을 하기 위해선 위치추적 권한이 필요합니다.";
				INFOPLIST_KEY_NSLocationUsageDescription = "여행기록을 하기 위해선 위치추적 권한이 필요합니다.";
				INFOPLIST_KEY_NSLocationWhenInUseUsageDescription = "여행기록을 하기 위해선 위치추적 권한이 필요합니다.";
				INFOPLIST_KEY_NSPhotoLibraryUsageDescription = "갤러리 기능을 활성화 하기 위해선 사진접근 권한이 필요합니다.";
				INFOPLIST_KEY_UIApplicationSupportsIndirectInputEvents = YES;
				INFOPLIST_KEY_UILaunchStoryboardName = LaunchScreen;
				INFOPLIST_KEY_UIMainStoryboardFile = Main;
				INFOPLIST_KEY_UIRequiredDeviceCapabilities = armv7;
				INFOPLIST_KEY_UIStatusBarHidden = NO;
				INFOPLIST_KEY_UISupportedInterfaceOrientations = UIInterfaceOrientationPortrait;
				INFOPLIST_KEY_UISupportedInterfaceOrientations_iPad = "UIInterfaceOrientationPortrait UIInterfaceOrientationPortraitUpsideDown UIInterfaceOrientationLandscapeLeft UIInterfaceOrientationLandscapeRight";
				INFOPLIST_KEY_UISupportedInterfaceOrientations_iPhone = "UIInterfaceOrientationPortrait UIInterfaceOrientationLandscapeLeft UIInterfaceOrientationLandscapeRight";
				IPHONEOS_DEPLOYMENT_TARGET = 12.3;
				LD_RUNPATH_SEARCH_PATHS = (
					"$(inherited)",
					"@executable_path/Frameworks",
				);
				MARKETING_VERSION = 1.0;
				PRODUCT_BUNDLE_IDENTIFIER = kim.hanbin.TravelMapTemp2634;
				PRODUCT_NAME = "$(TARGET_NAME)";
				PROVISIONING_PROFILE_SPECIFIER = "";
				SWIFT_EMIT_LOC_STRINGS = YES;
				SWIFT_OBJC_BRIDGING_HEADER = "TravelMap-Bridging.Header.h";
				SWIFT_VERSION = 5.0;
				TARGETED_DEVICE_FAMILY = 1;
			};
			name = Debug;
		};
		D0FF65782EEAFA42B172D08C /* Debug */ = {
			isa = XCBuildConfiguration;
			buildSettings = {
				ALWAYS_SEARCH_USER_PATHS = NO;
				CLANG_ANALYZER_LOCALIZABILITY_NONLOCALIZED = YES;
				CLANG_ANALYZER_NONNULL = YES;
				CLANG_ANALYZER_NUMBER_OBJECT_CONVERSION = YES_AGGRESSIVE;
				CLANG_CXX_LANGUAGE_STANDARD = "gnu++17";
				CLANG_CXX_LIBRARY = "libc++";
				CLANG_ENABLE_MODULES = YES;
				CLANG_ENABLE_OBJC_ARC = YES;
				CLANG_ENABLE_OBJC_WEAK = YES;
				CLANG_WARN_BLOCK_CAPTURE_AUTORELEASING = YES;
				CLANG_WARN_BOOL_CONVERSION = YES;
				CLANG_WARN_COMMA = YES;
				CLANG_WARN_CONSTANT_CONVERSION = YES;
				CLANG_WARN_DEPRECATED_OBJC_IMPLEMENTATIONS = YES;
				CLANG_WARN_DIRECT_OBJC_ISA_USAGE = YES_ERROR;
				CLANG_WARN_DOCUMENTATION_COMMENTS = YES;
				CLANG_WARN_EMPTY_BODY = YES;
				CLANG_WARN_ENUM_CONVERSION = YES;
				CLANG_WARN_INFINITE_RECURSION = YES;
				CLANG_WARN_INT_CONVERSION = YES;
				CLANG_WARN_NON_LITERAL_NULL_CONVERSION = YES;
				CLANG_WARN_OBJC_IMPLICIT_RETAIN_SELF = YES;
				CLANG_WARN_OBJC_LITERAL_CONVERSION = YES;
				CLANG_WARN_OBJC_ROOT_CLASS = YES_ERROR;
				CLANG_WARN_QUOTED_INCLUDE_IN_FRAMEWORK_HEADER = YES;
				CLANG_WARN_RANGE_LOOP_ANALYSIS = YES;
				CLANG_WARN_STRICT_PROTOTYPES = YES;
				CLANG_WARN_SUSPICIOUS_MOVE = YES;
				CLANG_WARN_UNGUARDED_AVAILABILITY = YES_AGGRESSIVE;
				CLANG_WARN_UNREACHABLE_CODE = YES;
				CLANG_WARN__DUPLICATE_METHOD_MATCH = YES;
				COPY_PHASE_STRIP = NO;
				DEBUG_INFORMATION_FORMAT = dwarf;
				ENABLE_STRICT_OBJC_MSGSEND = YES;
				ENABLE_TESTABILITY = YES;
				GCC_C_LANGUAGE_STANDARD = gnu11;
				GCC_DYNAMIC_NO_PIC = NO;
				GCC_NO_COMMON_BLOCKS = YES;
				GCC_OPTIMIZATION_LEVEL = 0;
				GCC_PREPROCESSOR_DEFINITIONS = (
					"DEBUG=1",
					"$(inherited)",
				);
				GCC_WARN_64_TO_32_BIT_CONVERSION = YES;
				GCC_WARN_ABOUT_RETURN_TYPE = YES_ERROR;
				GCC_WARN_UNDECLARED_SELECTOR = YES;
				GCC_WARN_UNINITIALIZED_AUTOS = YES_AGGRESSIVE;
				GCC_WARN_UNUSED_FUNCTION = YES;
				GCC_WARN_UNUSED_VARIABLE = YES;
				IPHONEOS_DEPLOYMENT_TARGET = 15.0;
				MTL_ENABLE_DEBUG_INFO = INCLUDE_SOURCE;
				MTL_FAST_MATH = YES;
				ONLY_ACTIVE_ARCH = YES;
				SDKROOT = iphoneos;
				SWIFT_ACTIVE_COMPILATION_CONDITIONS = DEBUG;
				SWIFT_OPTIMIZATION_LEVEL = "-Onone";
			};
			name = Debug;
		};
		D0FF66F04A933485C21ACE97 /* Release */ = {
			isa = XCBuildConfiguration;
			buildSettings = {
				ALWAYS_SEARCH_USER_PATHS = NO;
				CLANG_ANALYZER_LOCALIZABILITY_NONLOCALIZED = YES;
				CLANG_ANALYZER_NONNULL = YES;
				CLANG_ANALYZER_NUMBER_OBJECT_CONVERSION = YES_AGGRESSIVE;
				CLANG_CXX_LANGUAGE_STANDARD = "gnu++17";
				CLANG_CXX_LIBRARY = "libc++";
				CLANG_ENABLE_MODULES = YES;
				CLANG_ENABLE_OBJC_ARC = YES;
				CLANG_ENABLE_OBJC_WEAK = YES;
				CLANG_WARN_BLOCK_CAPTURE_AUTORELEASING = YES;
				CLANG_WARN_BOOL_CONVERSION = YES;
				CLANG_WARN_COMMA = YES;
				CLANG_WARN_CONSTANT_CONVERSION = YES;
				CLANG_WARN_DEPRECATED_OBJC_IMPLEMENTATIONS = YES;
				CLANG_WARN_DIRECT_OBJC_ISA_USAGE = YES_ERROR;
				CLANG_WARN_DOCUMENTATION_COMMENTS = YES;
				CLANG_WARN_EMPTY_BODY = YES;
				CLANG_WARN_ENUM_CONVERSION = YES;
				CLANG_WARN_INFINITE_RECURSION = YES;
				CLANG_WARN_INT_CONVERSION = YES;
				CLANG_WARN_NON_LITERAL_NULL_CONVERSION = YES;
				CLANG_WARN_OBJC_IMPLICIT_RETAIN_SELF = YES;
				CLANG_WARN_OBJC_LITERAL_CONVERSION = YES;
				CLANG_WARN_OBJC_ROOT_CLASS = YES_ERROR;
				CLANG_WARN_QUOTED_INCLUDE_IN_FRAMEWORK_HEADER = YES;
				CLANG_WARN_RANGE_LOOP_ANALYSIS = YES;
				CLANG_WARN_STRICT_PROTOTYPES = YES;
				CLANG_WARN_SUSPICIOUS_MOVE = YES;
				CLANG_WARN_UNGUARDED_AVAILABILITY = YES_AGGRESSIVE;
				CLANG_WARN_UNREACHABLE_CODE = YES;
				CLANG_WARN__DUPLICATE_METHOD_MATCH = YES;
				COPY_PHASE_STRIP = NO;
				DEBUG_INFORMATION_FORMAT = "dwarf-with-dsym";
				ENABLE_NS_ASSERTIONS = NO;
				ENABLE_STRICT_OBJC_MSGSEND = YES;
				GCC_C_LANGUAGE_STANDARD = gnu11;
				GCC_NO_COMMON_BLOCKS = YES;
				GCC_WARN_64_TO_32_BIT_CONVERSION = YES;
				GCC_WARN_ABOUT_RETURN_TYPE = YES_ERROR;
				GCC_WARN_UNDECLARED_SELECTOR = YES;
				GCC_WARN_UNINITIALIZED_AUTOS = YES_AGGRESSIVE;
				GCC_WARN_UNUSED_FUNCTION = YES;
				GCC_WARN_UNUSED_VARIABLE = YES;
				IPHONEOS_DEPLOYMENT_TARGET = 15.0;
				MTL_ENABLE_DEBUG_INFO = NO;
				MTL_FAST_MATH = YES;
				ONLY_ACTIVE_ARCH = NO;
				SDKROOT = iphoneos;
				SWIFT_COMPILATION_MODE = wholemodule;
				SWIFT_OPTIMIZATION_LEVEL = "-O";
				VALIDATE_PRODUCT = YES;
			};
			name = Release;
		};
		D0FF6BD8CDE9293C0DFA3411 /* Release */ = {
			isa = XCBuildConfiguration;
			baseConfigurationReference = 94F39182AB8A9577901141F2 /* Pods-TravelMap.release.xcconfig */;
			buildSettings = {
				ASSETCATALOG_COMPILER_APPICON_NAME = AppIcon;
				ASSETCATALOG_COMPILER_GLOBAL_ACCENT_COLOR_NAME = AccentColor;
				CODE_SIGN_IDENTITY = "Apple Development";
				CODE_SIGN_STYLE = Automatic;
				CURRENT_PROJECT_VERSION = 1;
				DEVELOPMENT_TEAM = Q3X65N3243;
				GENERATE_INFOPLIST_FILE = YES;
				INFOPLIST_FILE = TravelMap/Info.plist;
				INFOPLIST_KEY_NSLocationAlwaysAndWhenInUseUsageDescription = "여행기록을 하기 위해선 위치추적 권한이 필요합니다.";
				INFOPLIST_KEY_NSLocationAlwaysUsageDescription = "여행기록을 하기 위해선 위치추적 권한이 필요합니다.";
				INFOPLIST_KEY_NSLocationUsageDescription = "여행기록을 하기 위해선 위치추적 권한이 필요합니다.";
				INFOPLIST_KEY_NSLocationWhenInUseUsageDescription = "여행기록을 하기 위해선 위치추적 권한이 필요합니다.";
				INFOPLIST_KEY_NSPhotoLibraryUsageDescription = "갤러리 기능을 활성화 하기 위해선 사진접근 권한이 필요합니다.";
				INFOPLIST_KEY_UIApplicationSupportsIndirectInputEvents = YES;
				INFOPLIST_KEY_UILaunchStoryboardName = LaunchScreen;
				INFOPLIST_KEY_UIMainStoryboardFile = Main;
				INFOPLIST_KEY_UIRequiredDeviceCapabilities = armv7;
				INFOPLIST_KEY_UIStatusBarHidden = NO;
				INFOPLIST_KEY_UISupportedInterfaceOrientations = UIInterfaceOrientationPortrait;
				INFOPLIST_KEY_UISupportedInterfaceOrientations_iPad = "UIInterfaceOrientationPortrait UIInterfaceOrientationPortraitUpsideDown UIInterfaceOrientationLandscapeLeft UIInterfaceOrientationLandscapeRight";
				INFOPLIST_KEY_UISupportedInterfaceOrientations_iPhone = "UIInterfaceOrientationPortrait UIInterfaceOrientationLandscapeLeft UIInterfaceOrientationLandscapeRight";
				IPHONEOS_DEPLOYMENT_TARGET = 12.3;
				LD_RUNPATH_SEARCH_PATHS = (
					"$(inherited)",
					"@executable_path/Frameworks",
				);
				MARKETING_VERSION = 1.0;
				PRODUCT_BUNDLE_IDENTIFIER = kim.hanbin.TravelMapTemp2634;
				PRODUCT_NAME = "$(TARGET_NAME)";
				PROVISIONING_PROFILE_SPECIFIER = "";
				SWIFT_EMIT_LOC_STRINGS = YES;
				SWIFT_OBJC_BRIDGING_HEADER = "TravelMap-Bridging.Header.h";
				SWIFT_VERSION = 5.0;
				TARGETED_DEVICE_FAMILY = 1;
			};
			name = Release;
		};
/* End XCBuildConfiguration section */

/* Begin XCConfigurationList section */
		D0FF64AE966FB16B4F871992 /* Build configuration list for PBXProject "TravelMap" */ = {
			isa = XCConfigurationList;
			buildConfigurations = (
				D0FF65782EEAFA42B172D08C /* Debug */,
				D0FF66F04A933485C21ACE97 /* Release */,
			);
			defaultConfigurationIsVisible = 0;
			defaultConfigurationName = Release;
		};
		D0FF6B5D120D0C21D3CEA888 /* Build configuration list for PBXNativeTarget "TravelMap" */ = {
			isa = XCConfigurationList;
			buildConfigurations = (
				D0FF64F43F12BD0168E06DE2 /* Debug */,
				D0FF6BD8CDE9293C0DFA3411 /* Release */,
			);
			defaultConfigurationIsVisible = 0;
			defaultConfigurationName = Release;
		};
/* End XCConfigurationList section */

/* Begin XCRemoteSwiftPackageReference section */
		AF3F2D472744B0E3008C5666 /* XCRemoteSwiftPackageReference "GoogleMaps-SP" */ = {
			isa = XCRemoteSwiftPackageReference;
			repositoryURL = "https://github.com/YAtechnologies/GoogleMaps-SP.git";
			requirement = {
				kind = upToNextMinorVersion;
				minimumVersion = 5.1.0;
			};
		};
		AF3F2D512744B123008C5666 /* XCRemoteSwiftPackageReference "facebook-ios-sdk" */ = {
			isa = XCRemoteSwiftPackageReference;
			repositoryURL = "https://github.com/facebook/facebook-ios-sdk";
			requirement = {
				kind = upToNextMinorVersion;
				minimumVersion = 9.3.0;
			};
		};
		AF3F2D562744B135008C5666 /* XCRemoteSwiftPackageReference "GoogleSignIn-iOS" */ = {
			isa = XCRemoteSwiftPackageReference;
			repositoryURL = "https://github.com/google/GoogleSignIn-iOS";
			requirement = {
				kind = upToNextMinorVersion;
				minimumVersion = 6.0.0;
			};
		};
		AF3F2D592744B146008C5666 /* XCRemoteSwiftPackageReference "Toast-Swift" */ = {
			isa = XCRemoteSwiftPackageReference;
			repositoryURL = "https://github.com/scalessec/Toast-Swift.git";
			requirement = {
				kind = upToNextMinorVersion;
				minimumVersion = 5.0.0;
			};
		};
		AF3F2D5C2744B158008C5666 /* XCRemoteSwiftPackageReference "CryptoSwift" */ = {
			isa = XCRemoteSwiftPackageReference;
			repositoryURL = "https://github.com/krzyzanowskim/CryptoSwift.git";
			requirement = {
				kind = upToNextMinorVersion;
				minimumVersion = 1.4.0;
			};
		};
		AF3F2D5F2744B16E008C5666 /* XCRemoteSwiftPackageReference "google-maps-ios-utils" */ = {
			isa = XCRemoteSwiftPackageReference;
			repositoryURL = "https://github.com/googlemaps/google-maps-ios-utils.git";
			requirement = {
				kind = upToNextMinorVersion;
				minimumVersion = 4.0.0;
			};
		};
		AF3F2D632744B2D6008C5666 /* XCRemoteSwiftPackageReference "Alamofire" */ = {
			isa = XCRemoteSwiftPackageReference;
			repositoryURL = "https://github.com/Alamofire/Alamofire.git";
			requirement = {
				kind = upToNextMinorVersion;
				minimumVersion = 5.4.0;
			};
		};
		AF3F2D662744B2EC008C5666 /* XCRemoteSwiftPackageReference "SwiftCoroutine" */ = {
			isa = XCRemoteSwiftPackageReference;
			repositoryURL = "https://github.com/belozierov/SwiftCoroutine.git";
			requirement = {
				kind = upToNextMinorVersion;
				minimumVersion = 2.1.0;
			};
		};
		AF3F2D692744B34C008C5666 /* XCRemoteSwiftPackageReference "firebase-ios-sdk" */ = {
			isa = XCRemoteSwiftPackageReference;
			repositoryURL = "https://github.com/firebase/firebase-ios-sdk.git";
			requirement = {
				kind = upToNextMinorVersion;
				minimumVersion = 8.9.0;
			};
		};
		AF3F2D712744B544008C5666 /* XCRemoteSwiftPackageReference "ImageScrollView" */ = {
			isa = XCRemoteSwiftPackageReference;
			repositoryURL = "https://github.com/huynguyencong/ImageScrollView.git";
			requirement = {
				kind = upToNextMinorVersion;
				minimumVersion = 1.9.0;
			};
		};
		AF3F2D742744B5B7008C5666 /* XCRemoteSwiftPackageReference "SwiftyJSON" */ = {
			isa = XCRemoteSwiftPackageReference;
			repositoryURL = "https://github.com/SwiftyJSON/SwiftyJSON.git";
			requirement = {
				kind = upToNextMinorVersion;
				minimumVersion = 5.0.0;
			};
		};
		AF3F2D772744B7BC008C5666 /* XCRemoteSwiftPackageReference "realm-cocoa" */ = {
			isa = XCRemoteSwiftPackageReference;
			repositoryURL = "https://github.com/realm/realm-cocoa.git";
			requirement = {
				kind = exactVersion;
				version = 5.5.1;
			};
		};
		AF3F2D7A2744B85A008C5666 /* XCRemoteSwiftPackageReference "yajl-objc" */ = {
			isa = XCRemoteSwiftPackageReference;
			repositoryURL = "https://github.com/gabriel/yajl-objc.git";
			requirement = {
				kind = upToNextMinorVersion;
				minimumVersion = 0.3.4;
			};
		};
/* End XCRemoteSwiftPackageReference section */

/* Begin XCSwiftPackageProductDependency section */
		AF3F2D482744B0E3008C5666 /* GoogleMaps */ = {
			isa = XCSwiftPackageProductDependency;
			package = AF3F2D472744B0E3008C5666 /* XCRemoteSwiftPackageReference "GoogleMaps-SP" */;
			productName = GoogleMaps;
		};
		AF3F2D4A2744B0E3008C5666 /* GoogleMapsBase */ = {
			isa = XCSwiftPackageProductDependency;
			package = AF3F2D472744B0E3008C5666 /* XCRemoteSwiftPackageReference "GoogleMaps-SP" */;
			productName = GoogleMapsBase;
		};
		AF3F2D4C2744B0E3008C5666 /* GoogleMapsCore */ = {
			isa = XCSwiftPackageProductDependency;
			package = AF3F2D472744B0E3008C5666 /* XCRemoteSwiftPackageReference "GoogleMaps-SP" */;
			productName = GoogleMapsCore;
		};
		AF3F2D522744B124008C5666 /* FacebookCore */ = {
			isa = XCSwiftPackageProductDependency;
			package = AF3F2D512744B123008C5666 /* XCRemoteSwiftPackageReference "facebook-ios-sdk" */;
			productName = FacebookCore;
		};
		AF3F2D542744B124008C5666 /* FacebookLogin */ = {
			isa = XCSwiftPackageProductDependency;
			package = AF3F2D512744B123008C5666 /* XCRemoteSwiftPackageReference "facebook-ios-sdk" */;
			productName = FacebookLogin;
		};
		AF3F2D572744B136008C5666 /* GoogleSignIn */ = {
			isa = XCSwiftPackageProductDependency;
			package = AF3F2D562744B135008C5666 /* XCRemoteSwiftPackageReference "GoogleSignIn-iOS" */;
			productName = GoogleSignIn;
		};
		AF3F2D5A2744B146008C5666 /* Toast */ = {
			isa = XCSwiftPackageProductDependency;
			package = AF3F2D592744B146008C5666 /* XCRemoteSwiftPackageReference "Toast-Swift" */;
			productName = Toast;
		};
		AF3F2D5D2744B158008C5666 /* CryptoSwift */ = {
			isa = XCSwiftPackageProductDependency;
			package = AF3F2D5C2744B158008C5666 /* XCRemoteSwiftPackageReference "CryptoSwift" */;
			productName = CryptoSwift;
		};
		AF3F2D602744B16E008C5666 /* GoogleMapsUtils */ = {
			isa = XCSwiftPackageProductDependency;
			package = AF3F2D5F2744B16E008C5666 /* XCRemoteSwiftPackageReference "google-maps-ios-utils" */;
			productName = GoogleMapsUtils;
		};
		AF3F2D642744B2D6008C5666 /* Alamofire */ = {
			isa = XCSwiftPackageProductDependency;
			package = AF3F2D632744B2D6008C5666 /* XCRemoteSwiftPackageReference "Alamofire" */;
			productName = Alamofire;
		};
		AF3F2D672744B2EC008C5666 /* SwiftCoroutine */ = {
			isa = XCSwiftPackageProductDependency;
			package = AF3F2D662744B2EC008C5666 /* XCRemoteSwiftPackageReference "SwiftCoroutine" */;
			productName = SwiftCoroutine;
		};
		AF3F2D6A2744B34C008C5666 /* FirebaseAuth */ = {
			isa = XCSwiftPackageProductDependency;
			package = AF3F2D692744B34C008C5666 /* XCRemoteSwiftPackageReference "firebase-ios-sdk" */;
			productName = FirebaseAuth;
		};
		AF3F2D722744B544008C5666 /* ImageScrollView */ = {
			isa = XCSwiftPackageProductDependency;
			package = AF3F2D712744B544008C5666 /* XCRemoteSwiftPackageReference "ImageScrollView" */;
			productName = ImageScrollView;
		};
		AF3F2D752744B5B8008C5666 /* SwiftyJSON */ = {
			isa = XCSwiftPackageProductDependency;
			package = AF3F2D742744B5B7008C5666 /* XCRemoteSwiftPackageReference "SwiftyJSON" */;
			productName = SwiftyJSON;
		};
		AF3F2D782744B7BC008C5666 /* RealmSwift */ = {
			isa = XCSwiftPackageProductDependency;
			package = AF3F2D772744B7BC008C5666 /* XCRemoteSwiftPackageReference "realm-cocoa" */;
			productName = RealmSwift;
		};
		AF3F2D7B2744B85A008C5666 /* YAJLO */ = {
			isa = XCSwiftPackageProductDependency;
			package = AF3F2D7A2744B85A008C5666 /* XCRemoteSwiftPackageReference "yajl-objc" */;
			productName = YAJLO;
		};
/* End XCSwiftPackageProductDependency section */
	};
	rootObject = D0FF694026F30F072DA4141A /* Project object */;
}
